// !$*UTF8*$!
{
	archiveVersion = 1;
	classes = {
	};
	objectVersion = 46;
	objects = {

/* Begin PBXBuildFile section */
		EE0943591AE68DC80011F9C7 /* main.m in Sources */ = {isa = PBXBuildFile; fileRef = EE0943581AE68DC80011F9C7 /* main.m */; };
		EE09435C1AE68DC80011F9C7 /* AppDelegate.m in Sources */ = {isa = PBXBuildFile; fileRef = EE09435B1AE68DC80011F9C7 /* AppDelegate.m */; };
		EE09435F1AE68DC80011F9C7 /* ViewController.m in Sources */ = {isa = PBXBuildFile; fileRef = EE09435E1AE68DC80011F9C7 /* ViewController.m */; };
		EE0943621AE68DC80011F9C7 /* Main.storyboard in Resources */ = {isa = PBXBuildFile; fileRef = EE0943601AE68DC80011F9C7 /* Main.storyboard */; };
		EE0943641AE68DC80011F9C7 /* Images.xcassets in Resources */ = {isa = PBXBuildFile; fileRef = EE0943631AE68DC80011F9C7 /* Images.xcassets */; };
		EE0943671AE68DC80011F9C7 /* LaunchScreen.xib in Resources */ = {isa = PBXBuildFile; fileRef = EE0943651AE68DC80011F9C7 /* LaunchScreen.xib */; };
		EE0943731AE68DC90011F9C7 /* iOS_14_2Tests.m in Sources */ = {isa = PBXBuildFile; fileRef = EE0943721AE68DC90011F9C7 /* iOS_14_2Tests.m */; };
		EE09437D1AE6933C0011F9C7 /* Images in Resources */ = {isa = PBXBuildFile; fileRef = EE09437C1AE6933C0011F9C7 /* Images */; };
		EE0943801AE697420011F9C7 /* FlowerColorTable-Info.plist in Resources */ = {isa = PBXBuildFile; fileRef = EE09437E1AE697420011F9C7 /* FlowerColorTable-Info.plist */; };
/* End PBXBuildFile section */

/* Begin PBXContainerItemProxy section */
		EE09436D1AE68DC90011F9C7 /* PBXContainerItemProxy */ = {
			isa = PBXContainerItemProxy;
			containerPortal = EE09434B1AE68DC80011F9C7 /* Project object */;
			proxyType = 1;
			remoteGlobalIDString = EE0943521AE68DC80011F9C7;
			remoteInfo = iOS_14_2;
		};
/* End PBXContainerItemProxy section */

/* Begin PBXFileReference section */
		EE0943531AE68DC80011F9C7 /* iOS_14_2.app */ = {isa = PBXFileReference; explicitFileType = wrapper.application; includeInIndex = 0; path = iOS_14_2.app; sourceTree = BUILT_PRODUCTS_DIR; };
		EE0943571AE68DC80011F9C7 /* Info.plist */ = {isa = PBXFileReference; lastKnownFileType = text.plist.xml; path = Info.plist; sourceTree = "<group>"; };
		EE0943581AE68DC80011F9C7 /* main.m */ = {isa = PBXFileReference; lastKnownFileType = sourcecode.c.objc; path = main.m; sourceTree = "<group>"; };
		EE09435A1AE68DC80011F9C7 /* AppDelegate.h */ = {isa = PBXFileReference; lastKnownFileType = sourcecode.c.h; path = AppDelegate.h; sourceTree = "<group>"; };
		EE09435B1AE68DC80011F9C7 /* AppDelegate.m */ = {isa = PBXFileReference; lastKnownFileType = sourcecode.c.objc; path = AppDelegate.m; sourceTree = "<group>"; };
		EE09435D1AE68DC80011F9C7 /* ViewController.h */ = {isa = PBXFileReference; lastKnownFileType = sourcecode.c.h; path = ViewController.h; sourceTree = "<group>"; };
		EE09435E1AE68DC80011F9C7 /* ViewController.m */ = {isa = PBXFileReference; lastKnownFileType = sourcecode.c.objc; path = ViewController.m; sourceTree = "<group>"; };
		EE0943611AE68DC80011F9C7 /* Base */ = {isa = PBXFileReference; lastKnownFileType = file.storyboard; name = Base; path = Base.lproj/Main.storyboard; sourceTree = "<group>"; };
		EE0943631AE68DC80011F9C7 /* Images.xcassets */ = {isa = PBXFileReference; lastKnownFileType = folder.assetcatalog; path = Images.xcassets; sourceTree = "<group>"; };
		EE0943661AE68DC80011F9C7 /* Base */ = {isa = PBXFileReference; lastKnownFileType = file.xib; name = Base; path = Base.lproj/LaunchScreen.xib; sourceTree = "<group>"; };
		EE09436C1AE68DC90011F9C7 /* iOS_14_2Tests.xctest */ = {isa = PBXFileReference; explicitFileType = wrapper.cfbundle; includeInIndex = 0; path = iOS_14_2Tests.xctest; sourceTree = BUILT_PRODUCTS_DIR; };
		EE0943711AE68DC90011F9C7 /* Info.plist */ = {isa = PBXFileReference; lastKnownFileType = text.plist.xml; path = Info.plist; sourceTree = "<group>"; };
		EE0943721AE68DC90011F9C7 /* iOS_14_2Tests.m */ = {isa = PBXFileReference; lastKnownFileType = sourcecode.c.objc; path = iOS_14_2Tests.m; sourceTree = "<group>"; };
		EE09437C1AE6933C0011F9C7 /* Images */ = {isa = PBXFileReference; lastKnownFileType = folder; name = Images; path = ../../../../Downloads/daima/14/biaoge/Table/FlowerColorTable/Images; sourceTree = "<group>"; };
		EE09437E1AE697420011F9C7 /* FlowerColorTable-Info.plist */ = {isa = PBXFileReference; fileEncoding = 4; lastKnownFileType = text.plist.xml; name = "FlowerColorTable-Info.plist"; path = "../../../../Downloads/daima/14/biaoge/Table/FlowerColorTable/FlowerColorTable-Info.plist"; sourceTree = "<group>"; };
		EE09437F1AE697420011F9C7 /* FlowerColorTable-Prefix.pch */ = {isa = PBXFileReference; fileEncoding = 4; lastKnownFileType = sourcecode.c.h; name = "FlowerColorTable-Prefix.pch"; path = "../../../../Downloads/daima/14/biaoge/Table/FlowerColorTable/FlowerColorTable-Prefix.pch"; sourceTree = "<group>"; };
/* End PBXFileReference section */

/* Begin PBXFrameworksBuildPhase section */
		EE0943501AE68DC80011F9C7 /* Frameworks */ = {
			isa = PBXFrameworksBuildPhase;
			buildActionMask = 2147483647;
			files = (
			);
			runOnlyForDeploymentPostprocessing = 0;
		};
		EE0943691AE68DC90011F9C7 /* Frameworks */ = {
			isa = PBXFrameworksBuildPhase;
			buildActionMask = 2147483647;
			files = (
			);
			runOnlyForDeploymentPostprocessing = 0;
		};
/* End PBXFrameworksBuildPhase section */

/* Begin PBXGroup section */
		EE09434A1AE68DC80011F9C7 = {
			isa = PBXGroup;
			children = (
				EE0943551AE68DC80011F9C7 /* iOS_14_2 */,
				EE09436F1AE68DC90011F9C7 /* iOS_14_2Tests */,
				EE0943541AE68DC80011F9C7 /* Products */,
			);
			sourceTree = "<group>";
		};
		EE0943541AE68DC80011F9C7 /* Products */ = {
			isa = PBXGroup;
			children = (
				EE0943531AE68DC80011F9C7 /* iOS_14_2.app */,
				EE09436C1AE68DC90011F9C7 /* iOS_14_2Tests.xctest */,
			);
			name = Products;
			sourceTree = "<group>";
		};
		EE0943551AE68DC80011F9C7 /* iOS_14_2 */ = {
			isa = PBXGroup;
			children = (
				EE09437E1AE697420011F9C7 /* FlowerColorTable-Info.plist */,
				EE09437F1AE697420011F9C7 /* FlowerColorTable-Prefix.pch */,
				EE09437C1AE6933C0011F9C7 /* Images */,
				EE09435A1AE68DC80011F9C7 /* AppDelegate.h */,
				EE09435B1AE68DC80011F9C7 /* AppDelegate.m */,
				EE09435D1AE68DC80011F9C7 /* ViewController.h */,
				EE09435E1AE68DC80011F9C7 /* ViewController.m */,
				EE0943601AE68DC80011F9C7 /* Main.storyboard */,
				EE0943631AE68DC80011F9C7 /* Images.xcassets */,
				EE0943651AE68DC80011F9C7 /* LaunchScreen.xib */,
				EE0943561AE68DC80011F9C7 /* Supporting Files */,
			);
			path = iOS_14_2;
			sourceTree = "<group>";
		};
		EE0943561AE68DC80011F9C7 /* Supporting Files */ = {
			isa = PBXGroup;
			children = (
				EE0943571AE68DC80011F9C7 /* Info.plist */,
				EE0943581AE68DC80011F9C7 /* main.m */,
			);
			name = "Supporting Files";
			sourceTree = "<group>";
		};
		EE09436F1AE68DC90011F9C7 /* iOS_14_2Tests */ = {
			isa = PBXGroup;
			children = (
				EE0943721AE68DC90011F9C7 /* iOS_14_2Tests.m */,
				EE0943701AE68DC90011F9C7 /* Supporting Files */,
			);
			path = iOS_14_2Tests;
			sourceTree = "<group>";
		};
		EE0943701AE68DC90011F9C7 /* Supporting Files */ = {
			isa = PBXGroup;
			children = (
				EE0943711AE68DC90011F9C7 /* Info.plist */,
			);
			name = "Supporting Files";
			sourceTree = "<group>";
		};
/* End PBXGroup section */

/* Begin PBXNativeTarget section */
		EE0943521AE68DC80011F9C7 /* iOS_14_2 */ = {
			isa = PBXNativeTarget;
			buildConfigurationList = EE0943761AE68DC90011F9C7 /* Build configuration list for PBXNativeTarget "iOS_14_2" */;
			buildPhases = (
				EE09434F1AE68DC80011F9C7 /* Sources */,
				EE0943501AE68DC80011F9C7 /* Frameworks */,
				EE0943511AE68DC80011F9C7 /* Resources */,
			);
			buildRules = (
			);
			dependencies = (
			);
			name = iOS_14_2;
			productName = iOS_14_2;
			productReference = EE0943531AE68DC80011F9C7 /* iOS_14_2.app */;
			productType = "com.apple.product-type.application";
		};
		EE09436B1AE68DC90011F9C7 /* iOS_14_2Tests */ = {
			isa = PBXNativeTarget;
			buildConfigurationList = EE0943791AE68DC90011F9C7 /* Build configuration list for PBXNativeTarget "iOS_14_2Tests" */;
			buildPhases = (
				EE0943681AE68DC90011F9C7 /* Sources */,
				EE0943691AE68DC90011F9C7 /* Frameworks */,
				EE09436A1AE68DC90011F9C7 /* Resources */,
			);
			buildRules = (
			);
			dependencies = (
				EE09436E1AE68DC90011F9C7 /* PBXTargetDependency */,
			);
			name = iOS_14_2Tests;
			productName = iOS_14_2Tests;
			productReference = EE09436C1AE68DC90011F9C7 /* iOS_14_2Tests.xctest */;
			productType = "com.apple.product-type.bundle.unit-test";
		};
/* End PBXNativeTarget section */

/* Begin PBXProject section */
		EE09434B1AE68DC80011F9C7 /* Project object */ = {
			isa = PBXProject;
			attributes = {
				LastUpgradeCheck = 0630;
				ORGANIZATIONNAME = "张博良";
				TargetAttributes = {
					EE0943521AE68DC80011F9C7 = {
						CreatedOnToolsVersion = 6.3;
					};
					EE09436B1AE68DC90011F9C7 = {
						CreatedOnToolsVersion = 6.3;
						TestTargetID = EE0943521AE68DC80011F9C7;
					};
				};
			};
			buildConfigurationList = EE09434E1AE68DC80011F9C7 /* Build configuration list for PBXProject "iOS_14_2" */;
			compatibilityVersion = "Xcode 3.2";
			developmentRegion = English;
			hasScannedForEncodings = 0;
			knownRegions = (
				en,
				Base,
			);
			mainGroup = EE09434A1AE68DC80011F9C7;
			productRefGroup = EE0943541AE68DC80011F9C7 /* Products */;
			projectDirPath = "";
			projectRoot = "";
			targets = (
				EE0943521AE68DC80011F9C7 /* iOS_14_2 */,
				EE09436B1AE68DC90011F9C7 /* iOS_14_2Tests */,
			);
		};
/* End PBXProject section */

/* Begin PBXResourcesBuildPhase section */
		EE0943511AE68DC80011F9C7 /* Resources */ = {
			isa = PBXResourcesBuildPhase;
			buildActionMask = 2147483647;
			files = (
				EE09437D1AE6933C0011F9C7 /* Images in Resources */,
				EE0943621AE68DC80011F9C7 /* Main.storyboard in Resources */,
				EE0943671AE68DC80011F9C7 /* LaunchScreen.xib in Resources */,
				EE0943801AE697420011F9C7 /* FlowerColorTable-Info.plist in Resources */,
				EE0943641AE68DC80011F9C7 /* Images.xcassets in Resources */,
			);
			runOnlyForDeploymentPostprocessing = 0;
		};
		EE09436A1AE68DC90011F9C7 /* Resources */ = {
			isa = PBXResourcesBuildPhase;
			buildActionMask = 2147483647;
			files = (
			);
			runOnlyForDeploymentPostprocessing = 0;
		};
/* End PBXResourcesBuildPhase section */

/* Begin PBXSourcesBuildPhase section */
		EE09434F1AE68DC80011F9C7 /* Sources */ = {
			isa = PBXSourcesBuildPhase;
			buildActionMask = 2147483647;
			files = (
				EE09435F1AE68DC80011F9C7 /* ViewController.m in Sources */,
				EE09435C1AE68DC80011F9C7 /* AppDelegate.m in Sources */,
				EE0943591AE68DC80011F9C7 /* main.m in Sources */,
			);
			runOnlyForDeploymentPostprocessing = 0;
		};
		EE0943681AE68DC90011F9C7 /* Sources */ = {
			isa = PBXSourcesBuildPhase;
			buildActionMask = 2147483647;
			files = (
				EE0943731AE68DC90011F9C7 /* iOS_14_2Tests.m in Sources */,
			);
			runOnlyForDeploymentPostprocessing = 0;
		};
/* End PBXSourcesBuildPhase section */

/* Begin PBXTargetDependency section */
		EE09436E1AE68DC90011F9C7 /* PBXTargetDependency */ = {
			isa = PBXTargetDependency;
			target = EE0943521AE68DC80011F9C7 /* iOS_14_2 */;
			targetProxy = EE09436D1AE68DC90011F9C7 /* PBXContainerItemProxy */;
		};
/* End PBXTargetDependency section */

/* Begin PBXVariantGroup section */
		EE0943601AE68DC80011F9C7 /* Main.storyboard */ = {
			isa = PBXVariantGroup;
			children = (
				EE0943611AE68DC80011F9C7 /* Base */,
			);
			name = Main.storyboard;
			sourceTree = "<group>";
		};
		EE0943651AE68DC80011F9C7 /* LaunchScreen.xib */ = {
			isa = PBXVariantGroup;
			children = (
				EE0943661AE68DC80011F9C7 /* Base */,
			);
			name = LaunchScreen.xib;
			sourceTree = "<group>";
		};
/* End PBXVariantGroup section */

/* Begin XCBuildConfiguration section */
		EE0943741AE68DC90011F9C7 /* Debug */ = {
			isa = XCBuildConfiguration;
			buildSettings = {
				ALWAYS_SEARCH_USER_PATHS = NO;
				CLANG_CXX_LANGUAGE_STANDARD = "gnu++0x";
				CLANG_CXX_LIBRARY = "libc++";
				CLANG_ENABLE_MODULES = YES;
				CLANG_ENABLE_OBJC_ARC = YES;
				CLANG_WARN_BOOL_CONVERSION = YES;
				CLANG_WARN_CONSTANT_CONVERSION = YES;
				CLANG_WARN_DIRECT_OBJC_ISA_USAGE = YES_ERROR;
				CLANG_WARN_EMPTY_BODY = YES;
				CLANG_WARN_ENUM_CONVERSION = YES;
				CLANG_WARN_INT_CONVERSION = YES;
				CLANG_WARN_OBJC_ROOT_CLASS = YES_ERROR;
				CLANG_WARN_UNREACHABLE_CODE = YES;
				CLANG_WARN__DUPLICATE_METHOD_MATCH = YES;
				"CODE_SIGN_IDENTITY[sdk=iphoneos*]" = "iPhone Developer";
				COPY_PHASE_STRIP = NO;
				DEBUG_INFORMATION_FORMAT = "dwarf-with-dsym";
				ENABLE_STRICT_OBJC_MSGSEND = YES;
				GCC_C_LANGUAGE_STANDARD = gnu99;
				GCC_DYNAMIC_NO_PIC = NO;
				GCC_NO_COMMON_BLOCKS = YES;
				GCC_OPTIMIZATION_LEVEL = 0;
				GCC_PREPROCESSOR_DEFINITIONS = (
					"DEBUG=1",
					"$(inherited)",
				);
				GCC_SYMBOLS_PRIVATE_EXTERN = NO;
				GCC_WARN_64_TO_32_BIT_CONVERSION = YES;
				GCC_WARN_ABOUT_RETURN_TYPE = YES_ERROR;
				GCC_WARN_UNDECLARED_SELECTOR = YES;
				GCC_WARN_UNINITIALIZED_AUTOS = YES_AGGRESSIVE;
				GCC_WARN_UNUSED_FUNCTION = YES;
				GCC_WARN_UNUSED_VARIABLE = YES;
				IPHONEOS_DEPLOYMENT_TARGET = 8.3;
				MTL_ENABLE_DEBUG_INFO = YES;
				ONLY_ACTIVE_ARCH = YES;
				SDKROOT = iphoneos;
			};
			name = Debug;
		};
		EE0943751AE68DC90011F9C7 /* Release */ = {
			isa = XCBuildConfiguration;
			buildSettings = {
				ALWAYS_SEARCH_USER_PATHS = NO;
				CLANG_CXX_LANGUAGE_STANDARD = "gnu++0x";
				CLANG_CXX_LIBRARY = "libc++";
				CLANG_ENABLE_MODULES = YES;
				CLANG_ENABLE_OBJC_ARC = YES;
				CLANG_WARN_BOOL_CONVERSION = YES;
				CLANG_WARN_CONSTANT_CONVERSION = YES;
				CLANG_WARN_DIRECT_OBJC_ISA_USAGE = YES_ERROR;
				CLANG_WARN_EMPTY_BODY = YES;
				CLANG_WARN_ENUM_CONVERSION = YES;
				CLANG_WARN_INT_CONVERSION = YES;
				CLANG_WARN_OBJC_ROOT_CLASS = YES_ERROR;
				CLANG_WARN_UNREACHABLE_CODE = YES;
				CLANG_WARN__DUPLICATE_METHOD_MATCH = YES;
				"CODE_SIGN_IDENTITY[sdk=iphoneos*]" = "iPhone Developer";
				COPY_PHASE_STRIP = NO;
				DEBUG_INFORMATION_FORMAT = "dwarf-with-dsym";
				ENABLE_NS_ASSERTIONS = NO;
				ENABLE_STRICT_OBJC_MSGSEND = YES;
				GCC_C_LANGUAGE_STANDARD = gnu99;
				GCC_NO_COMMON_BLOCKS = YES;
				GCC_WARN_64_TO_32_BIT_CONVERSION = YES;
				GCC_WARN_ABOUT_RETURN_TYPE = YES_ERROR;
				GCC_WARN_UNDECLARED_SELECTOR = YES;
				GCC_WARN_UNINITIALIZED_AUTOS = YES_AGGRESSIVE;
				GCC_WARN_UNUSED_FUNCTION = YES;
				GCC_WARN_UNUSED_VARIABLE = YES;
				IPHONEOS_DEPLOYMENT_TARGET = 8.3;
				MTL_ENABLE_DEBUG_INFO = NO;
				SDKROOT = iphoneos;
				VALIDATE_PRODUCT = YES;
			};
			name = Release;
		};
		EE0943771AE68DC90011F9C7 /* Debug */ = {
			isa = XCBuildConfiguration;
			buildSettings = {
				ASSETCATALOG_COMPILER_APPICON_NAME = AppIcon;
				INFOPLIST_FILE = iOS_14_2/Info.plist;
				LD_RUNPATH_SEARCH_PATHS = "$(inherited) @executable_path/Frameworks";
				PRODUCT_NAME = "$(TARGET_NAME)";
			};
			name = Debug;
		};
		EE0943781AE68DC90011F9C7 /* Release */ = {
			isa = XCBuildConfiguration;
			buildSettings = {
				ASSETCATALOG_COMPILER_APPICON_NAME = AppIcon;
				INFOPLIST_FILE = iOS_14_2/Info.plist;
				LD_RUNPATH_SEARCH_PATHS = "$(inherited) @executable_path/Frameworks";
				PRODUCT_NAME = "$(TARGET_NAME)";
			};
			name = Release;
		};
		EE09437A1AE68DC90011F9C7 /* Debug */ = {
			isa = XCBuildConfiguration;
			buildSettings = {
				BUNDLE_LOADER = "$(TEST_HOST)";
				FRAMEWORK_SEARCH_PATHS = (
					"$(SDKROOT)/Developer/Library/Frameworks",
					"$(inherited)",
				);
				GCC_PREPROCESSOR_DEFINITIONS = (
					"DEBUG=1",
					"$(inherited)",
				);
				INFOPLIST_FILE = iOS_14_2Tests/Info.plist;
				LD_RUNPATH_SEARCH_PATHS = "$(inherited) @executable_path/Frameworks @loader_path/Frameworks";
				PRODUCT_NAME = "$(TARGET_NAME)";
				TEST_HOST = "$(BUILT_PRODUCTS_DIR)/iOS_14_2.app/iOS_14_2";
			};
			name = Debug;
		};
		EE09437B1AE68DC90011F9C7 /* Release */ = {
			isa = XCBuildConfiguration;
			buildSettings = {
				BUNDLE_LOADER = "$(TEST_HOST)";
				FRAMEWORK_SEARCH_PATHS = (
					"$(SDKROOT)/Developer/Library/Frameworks",
					"$(inherited)",
				);
				INFOPLIST_FILE = iOS_14_2Tests/Info.plist;
				LD_RUNPATH_SEARCH_PATHS = "$(inherited) @executable_path/Frameworks @loader_path/Frameworks";
				PRODUCT_NAME = "$(TARGET_NAME)";
				TEST_HOST = "$(BUILT_PRODUCTS_DIR)/iOS_14_2.app/iOS_14_2";
			};
			name = Release;
		};
/* End XCBuildConfiguration section */

/* Begin XCConfigurationList section */
		EE09434E1AE68DC80011F9C7 /* Build configuration list for PBXProject "iOS_14_2" */ = {
			isa = XCConfigurationList;
			buildConfigurations = (
				EE0943741AE68DC90011F9C7 /* Debug */,
				EE0943751AE68DC90011F9C7 /* Release */,
			);
			defaultConfigurationIsVisible = 0;
			defaultConfigurationName = Release;
		};
		EE0943761AE68DC90011F9C7 /* Build configuration list for PBXNativeTarget "iOS_14_2" */ = {
			isa = XCConfigurationList;
			buildConfigurations = (
				EE0943771AE68DC90011F9C7 /* Debug */,
				EE0943781AE68DC90011F9C7 /* Release */,
			);
			defaultConfigurationIsVisible = 0;
		};
		EE0943791AE68DC90011F9C7 /* Build configuration list for PBXNativeTarget "iOS_14_2Tests" */ = {
			isa = XCConfigurationList;
			buildConfigurations = (
				EE09437A1AE68DC90011F9C7 /* Debug */,
				EE09437B1AE68DC90011F9C7 /* Release */,
			);
			defaultConfigurationIsVisible = 0;
		};
/* End XCConfigurationList section */
	};
	rootObject = EE09434B1AE68DC80011F9C7 /* Project object */;
}
