// !$*UTF8*$!
{
	archiveVersion = 1;
	classes = {
	};
	objectVersion = 46;
	objects = {

/* Begin PBXBuildFile section */
		EE29A2EA1AD8028E0035F58D /* main.m in Sources */ = {isa = PBXBuildFile; fileRef = EE29A2E91AD8028E0035F58D /* main.m */; };
		EE29A2ED1AD8028E0035F58D /* AppDelegate.m in Sources */ = {isa = PBXBuildFile; fileRef = EE29A2EC1AD8028E0035F58D /* AppDelegate.m */; };
		EE29A2F01AD8028E0035F58D /* ViewController.m in Sources */ = {isa = PBXBuildFile; fileRef = EE29A2EF1AD8028E0035F58D /* ViewController.m */; };
		EE29A2F31AD8028E0035F58D /* Main.storyboard in Resources */ = {isa = PBXBuildFile; fileRef = EE29A2F11AD8028E0035F58D /* Main.storyboard */; };
		EE29A2F51AD8028E0035F58D /* Images.xcassets in Resources */ = {isa = PBXBuildFile; fileRef = EE29A2F41AD8028E0035F58D /* Images.xcassets */; };
		EE29A2F81AD8028E0035F58D /* LaunchScreen.xib in Resources */ = {isa = PBXBuildFile; fileRef = EE29A2F61AD8028E0035F58D /* LaunchScreen.xib */; };
		EE29A3041AD8028E0035F58D /* lianjietetTests.m in Sources */ = {isa = PBXBuildFile; fileRef = EE29A3031AD8028E0035F58D /* lianjietetTests.m */; };
/* End PBXBuildFile section */

/* Begin PBXContainerItemProxy section */
		EE29A2FE1AD8028E0035F58D /* PBXContainerItemProxy */ = {
			isa = PBXContainerItemProxy;
			containerPortal = EE29A2DC1AD8028E0035F58D /* Project object */;
			proxyType = 1;
			remoteGlobalIDString = EE29A2E31AD8028E0035F58D;
			remoteInfo = lianjietet;
		};
/* End PBXContainerItemProxy section */

/* Begin PBXFileReference section */
		EE29A2E41AD8028E0035F58D /* lianjietet.app */ = {isa = PBXFileReference; explicitFileType = wrapper.application; includeInIndex = 0; path = lianjietet.app; sourceTree = BUILT_PRODUCTS_DIR; };
		EE29A2E81AD8028E0035F58D /* Info.plist */ = {isa = PBXFileReference; lastKnownFileType = text.plist.xml; path = Info.plist; sourceTree = "<group>"; };
		EE29A2E91AD8028E0035F58D /* main.m */ = {isa = PBXFileReference; lastKnownFileType = sourcecode.c.objc; path = main.m; sourceTree = "<group>"; };
		EE29A2EB1AD8028E0035F58D /* AppDelegate.h */ = {isa = PBXFileReference; lastKnownFileType = sourcecode.c.h; path = AppDelegate.h; sourceTree = "<group>"; };
		EE29A2EC1AD8028E0035F58D /* AppDelegate.m */ = {isa = PBXFileReference; lastKnownFileType = sourcecode.c.objc; path = AppDelegate.m; sourceTree = "<group>"; };
		EE29A2EE1AD8028E0035F58D /* ViewController.h */ = {isa = PBXFileReference; lastKnownFileType = sourcecode.c.h; path = ViewController.h; sourceTree = "<group>"; };
		EE29A2EF1AD8028E0035F58D /* ViewController.m */ = {isa = PBXFileReference; lastKnownFileType = sourcecode.c.objc; path = ViewController.m; sourceTree = "<group>"; };
		EE29A2F21AD8028E0035F58D /* Base */ = {isa = PBXFileReference; lastKnownFileType = file.storyboard; name = Base; path = Base.lproj/Main.storyboard; sourceTree = "<group>"; };
		EE29A2F41AD8028E0035F58D /* Images.xcassets */ = {isa = PBXFileReference; lastKnownFileType = folder.assetcatalog; path = Images.xcassets; sourceTree = "<group>"; };
		EE29A2F71AD8028E0035F58D /* Base */ = {isa = PBXFileReference; lastKnownFileType = file.xib; name = Base; path = Base.lproj/LaunchScreen.xib; sourceTree = "<group>"; };
		EE29A2FD1AD8028E0035F58D /* lianjietetTests.xctest */ = {isa = PBXFileReference; explicitFileType = wrapper.cfbundle; includeInIndex = 0; path = lianjietetTests.xctest; sourceTree = BUILT_PRODUCTS_DIR; };
		EE29A3021AD8028E0035F58D /* Info.plist */ = {isa = PBXFileReference; lastKnownFileType = text.plist.xml; path = Info.plist; sourceTree = "<group>"; };
		EE29A3031AD8028E0035F58D /* lianjietetTests.m */ = {isa = PBXFileReference; lastKnownFileType = sourcecode.c.objc; path = lianjietetTests.m; sourceTree = "<group>"; };
/* End PBXFileReference section */

/* Begin PBXFrameworksBuildPhase section */
		EE29A2E11AD8028E0035F58D /* Frameworks */ = {
			isa = PBXFrameworksBuildPhase;
			buildActionMask = 2147483647;
			files = (
			);
			runOnlyForDeploymentPostprocessing = 0;
		};
		EE29A2FA1AD8028E0035F58D /* Frameworks */ = {
			isa = PBXFrameworksBuildPhase;
			buildActionMask = 2147483647;
			files = (
			);
			runOnlyForDeploymentPostprocessing = 0;
		};
/* End PBXFrameworksBuildPhase section */

/* Begin PBXGroup section */
		EE29A2DB1AD8028E0035F58D = {
			isa = PBXGroup;
			children = (
				EE29A2E61AD8028E0035F58D /* lianjietet */,
				EE29A3001AD8028E0035F58D /* lianjietetTests */,
				EE29A2E51AD8028E0035F58D /* Products */,
			);
			sourceTree = "<group>";
		};
		EE29A2E51AD8028E0035F58D /* Products */ = {
			isa = PBXGroup;
			children = (
				EE29A2E41AD8028E0035F58D /* lianjietet.app */,
				EE29A2FD1AD8028E0035F58D /* lianjietetTests.xctest */,
			);
			name = Products;
			sourceTree = "<group>";
		};
		EE29A2E61AD8028E0035F58D /* lianjietet */ = {
			isa = PBXGroup;
			children = (
				EE29A2EB1AD8028E0035F58D /* AppDelegate.h */,
				EE29A2EC1AD8028E0035F58D /* AppDelegate.m */,
				EE29A2EE1AD8028E0035F58D /* ViewController.h */,
				EE29A2EF1AD8028E0035F58D /* ViewController.m */,
				EE29A2F11AD8028E0035F58D /* Main.storyboard */,
				EE29A2F41AD8028E0035F58D /* Images.xcassets */,
				EE29A2F61AD8028E0035F58D /* LaunchScreen.xib */,
				EE29A2E71AD8028E0035F58D /* Supporting Files */,
			);
			path = lianjietet;
			sourceTree = "<group>";
		};
		EE29A2E71AD8028E0035F58D /* Supporting Files */ = {
			isa = PBXGroup;
			children = (
				EE29A2E81AD8028E0035F58D /* Info.plist */,
				EE29A2E91AD8028E0035F58D /* main.m */,
			);
			name = "Supporting Files";
			sourceTree = "<group>";
		};
		EE29A3001AD8028E0035F58D /* lianjietetTests */ = {
			isa = PBXGroup;
			children = (
				EE29A3031AD8028E0035F58D /* lianjietetTests.m */,
				EE29A3011AD8028E0035F58D /* Supporting Files */,
			);
			path = lianjietetTests;
			sourceTree = "<group>";
		};
		EE29A3011AD8028E0035F58D /* Supporting Files */ = {
			isa = PBXGroup;
			children = (
				EE29A3021AD8028E0035F58D /* Info.plist */,
			);
			name = "Supporting Files";
			sourceTree = "<group>";
		};
/* End PBXGroup section */

/* Begin PBXNativeTarget section */
		EE29A2E31AD8028E0035F58D /* lianjietet */ = {
			isa = PBXNativeTarget;
			buildConfigurationList = EE29A3071AD8028E0035F58D /* Build configuration list for PBXNativeTarget "lianjietet" */;
			buildPhases = (
				EE29A2E01AD8028E0035F58D /* Sources */,
				EE29A2E11AD8028E0035F58D /* Frameworks */,
				EE29A2E21AD8028E0035F58D /* Resources */,
			);
			buildRules = (
			);
			dependencies = (
			);
			name = lianjietet;
			productName = lianjietet;
			productReference = EE29A2E41AD8028E0035F58D /* lianjietet.app */;
			productType = "com.apple.product-type.application";
		};
		EE29A2FC1AD8028E0035F58D /* lianjietetTests */ = {
			isa = PBXNativeTarget;
			buildConfigurationList = EE29A30A1AD8028E0035F58D /* Build configuration list for PBXNativeTarget "lianjietetTests" */;
			buildPhases = (
				EE29A2F91AD8028E0035F58D /* Sources */,
				EE29A2FA1AD8028E0035F58D /* Frameworks */,
				EE29A2FB1AD8028E0035F58D /* Resources */,
			);
			buildRules = (
			);
			dependencies = (
				EE29A2FF1AD8028E0035F58D /* PBXTargetDependency */,
			);
			name = lianjietetTests;
			productName = lianjietetTests;
			productReference = EE29A2FD1AD8028E0035F58D /* lianjietetTests.xctest */;
			productType = "com.apple.product-type.bundle.unit-test";
		};
/* End PBXNativeTarget section */

/* Begin PBXProject section */
		EE29A2DC1AD8028E0035F58D /* Project object */ = {
			isa = PBXProject;
			attributes = {
				LastUpgradeCheck = 0630;
				ORGANIZATIONNAME = "张博良";
				TargetAttributes = {
					EE29A2E31AD8028E0035F58D = {
						CreatedOnToolsVersion = 6.3;
					};
					EE29A2FC1AD8028E0035F58D = {
						CreatedOnToolsVersion = 6.3;
						TestTargetID = EE29A2E31AD8028E0035F58D;
					};
				};
			};
			buildConfigurationList = EE29A2DF1AD8028E0035F58D /* Build configuration list for PBXProject "lianjietet" */;
			compatibilityVersion = "Xcode 3.2";
			developmentRegion = English;
			hasScannedForEncodings = 0;
			knownRegions = (
				en,
				Base,
			);
			mainGroup = EE29A2DB1AD8028E0035F58D;
			productRefGroup = EE29A2E51AD8028E0035F58D /* Products */;
			projectDirPath = "";
			projectRoot = "";
			targets = (
				EE29A2E31AD8028E0035F58D /* lianjietet */,
				EE29A2FC1AD8028E0035F58D /* lianjietetTests */,
			);
		};
/* End PBXProject section */

/* Begin PBXResourcesBuildPhase section */
		EE29A2E21AD8028E0035F58D /* Resources */ = {
			isa = PBXResourcesBuildPhase;
			buildActionMask = 2147483647;
			files = (
				EE29A2F31AD8028E0035F58D /* Main.storyboard in Resources */,
				EE29A2F81AD8028E0035F58D /* LaunchScreen.xib in Resources */,
				EE29A2F51AD8028E0035F58D /* Images.xcassets in Resources */,
			);
			runOnlyForDeploymentPostprocessing = 0;
		};
		EE29A2FB1AD8028E0035F58D /* Resources */ = {
			isa = PBXResourcesBuildPhase;
			buildActionMask = 2147483647;
			files = (
			);
			runOnlyForDeploymentPostprocessing = 0;
		};
/* End PBXResourcesBuildPhase section */

/* Begin PBXSourcesBuildPhase section */
		EE29A2E01AD8028E0035F58D /* Sources */ = {
			isa = PBXSourcesBuildPhase;
			buildActionMask = 2147483647;
			files = (
				EE29A2F01AD8028E0035F58D /* ViewController.m in Sources */,
				EE29A2ED1AD8028E0035F58D /* AppDelegate.m in Sources */,
				EE29A2EA1AD8028E0035F58D /* main.m in Sources */,
			);
			runOnlyForDeploymentPostprocessing = 0;
		};
		EE29A2F91AD8028E0035F58D /* Sources */ = {
			isa = PBXSourcesBuildPhase;
			buildActionMask = 2147483647;
			files = (
				EE29A3041AD8028E0035F58D /* lianjietetTests.m in Sources */,
			);
			runOnlyForDeploymentPostprocessing = 0;
		};
/* End PBXSourcesBuildPhase section */

/* Begin PBXTargetDependency section */
		EE29A2FF1AD8028E0035F58D /* PBXTargetDependency */ = {
			isa = PBXTargetDependency;
			target = EE29A2E31AD8028E0035F58D /* lianjietet */;
			targetProxy = EE29A2FE1AD8028E0035F58D /* PBXContainerItemProxy */;
		};
/* End PBXTargetDependency section */

/* Begin PBXVariantGroup section */
		EE29A2F11AD8028E0035F58D /* Main.storyboard */ = {
			isa = PBXVariantGroup;
			children = (
				EE29A2F21AD8028E0035F58D /* Base */,
			);
			name = Main.storyboard;
			sourceTree = "<group>";
		};
		EE29A2F61AD8028E0035F58D /* LaunchScreen.xib */ = {
			isa = PBXVariantGroup;
			children = (
				EE29A2F71AD8028E0035F58D /* Base */,
			);
			name = LaunchScreen.xib;
			sourceTree = "<group>";
		};
/* End PBXVariantGroup section */

/* Begin XCBuildConfiguration section */
		EE29A3051AD8028E0035F58D /* Debug */ = {
			isa = XCBuildConfiguration;
			buildSettings = {
				ALWAYS_SEARCH_USER_PATHS = NO;
				CLANG_CXX_LANGUAGE_STANDARD = "gnu++0x";
				CLANG_CXX_LIBRARY = "libc++";
				CLANG_ENABLE_MODULES = YES;
				CLANG_ENABLE_OBJC_ARC = YES;
				CLANG_WARN_BOOL_CONVERSION = YES;
				CLANG_WARN_CONSTANT_CONVERSION = YES;
				CLANG_WARN_DIRECT_OBJC_ISA_USAGE = YES_ERROR;
				CLANG_WARN_EMPTY_BODY = YES;
				CLANG_WARN_ENUM_CONVERSION = YES;
				CLANG_WARN_INT_CONVERSION = YES;
				CLANG_WARN_OBJC_ROOT_CLASS = YES_ERROR;
				CLANG_WARN_UNREACHABLE_CODE = YES;
				CLANG_WARN__DUPLICATE_METHOD_MATCH = YES;
				"CODE_SIGN_IDENTITY[sdk=iphoneos*]" = "iPhone Developer";
				COPY_PHASE_STRIP = NO;
				DEBUG_INFORMATION_FORMAT = "dwarf-with-dsym";
				ENABLE_STRICT_OBJC_MSGSEND = YES;
				GCC_C_LANGUAGE_STANDARD = gnu99;
				GCC_DYNAMIC_NO_PIC = NO;
				GCC_NO_COMMON_BLOCKS = YES;
				GCC_OPTIMIZATION_LEVEL = 0;
				GCC_PREPROCESSOR_DEFINITIONS = (
					"DEBUG=1",
					"$(inherited)",
				);
				GCC_SYMBOLS_PRIVATE_EXTERN = NO;
				GCC_WARN_64_TO_32_BIT_CONVERSION = YES;
				GCC_WARN_ABOUT_RETURN_TYPE = YES_ERROR;
				GCC_WARN_UNDECLARED_SELECTOR = YES;
				GCC_WARN_UNINITIALIZED_AUTOS = YES_AGGRESSIVE;
				GCC_WARN_UNUSED_FUNCTION = YES;
				GCC_WARN_UNUSED_VARIABLE = YES;
				IPHONEOS_DEPLOYMENT_TARGET = 8.3;
				MTL_ENABLE_DEBUG_INFO = YES;
				ONLY_ACTIVE_ARCH = YES;
				SDKROOT = iphoneos;
			};
			name = Debug;
		};
		EE29A3061AD8028E0035F58D /* Release */ = {
			isa = XCBuildConfiguration;
			buildSettings = {
				ALWAYS_SEARCH_USER_PATHS = NO;
				CLANG_CXX_LANGUAGE_STANDARD = "gnu++0x";
				CLANG_CXX_LIBRARY = "libc++";
				CLANG_ENABLE_MODULES = YES;
				CLANG_ENABLE_OBJC_ARC = YES;
				CLANG_WARN_BOOL_CONVERSION = YES;
				CLANG_WARN_CONSTANT_CONVERSION = YES;
				CLANG_WARN_DIRECT_OBJC_ISA_USAGE = YES_ERROR;
				CLANG_WARN_EMPTY_BODY = YES;
				CLANG_WARN_ENUM_CONVERSION = YES;
				CLANG_WARN_INT_CONVERSION = YES;
				CLANG_WARN_OBJC_ROOT_CLASS = YES_ERROR;
				CLANG_WARN_UNREACHABLE_CODE = YES;
				CLANG_WARN__DUPLICATE_METHOD_MATCH = YES;
				"CODE_SIGN_IDENTITY[sdk=iphoneos*]" = "iPhone Developer";
				COPY_PHASE_STRIP = NO;
				DEBUG_INFORMATION_FORMAT = "dwarf-with-dsym";
				ENABLE_NS_ASSERTIONS = NO;
				ENABLE_STRICT_OBJC_MSGSEND = YES;
				GCC_C_LANGUAGE_STANDARD = gnu99;
				GCC_NO_COMMON_BLOCKS = YES;
				GCC_WARN_64_TO_32_BIT_CONVERSION = YES;
				GCC_WARN_ABOUT_RETURN_TYPE = YES_ERROR;
				GCC_WARN_UNDECLARED_SELECTOR = YES;
				GCC_WARN_UNINITIALIZED_AUTOS = YES_AGGRESSIVE;
				GCC_WARN_UNUSED_FUNCTION = YES;
				GCC_WARN_UNUSED_VARIABLE = YES;
				IPHONEOS_DEPLOYMENT_TARGET = 8.3;
				MTL_ENABLE_DEBUG_INFO = NO;
				SDKROOT = iphoneos;
				VALIDATE_PRODUCT = YES;
			};
			name = Release;
		};
		EE29A3081AD8028E0035F58D /* Debug */ = {
			isa = XCBuildConfiguration;
			buildSettings = {
				ASSETCATALOG_COMPILER_APPICON_NAME = AppIcon;
				INFOPLIST_FILE = lianjietet/Info.plist;
				LD_RUNPATH_SEARCH_PATHS = "$(inherited) @executable_path/Frameworks";
				PRODUCT_NAME = "$(TARGET_NAME)";
			};
			name = Debug;
		};
		EE29A3091AD8028E0035F58D /* Release */ = {
			isa = XCBuildConfiguration;
			buildSettings = {
				ASSETCATALOG_COMPILER_APPICON_NAME = AppIcon;
				INFOPLIST_FILE = lianjietet/Info.plist;
				LD_RUNPATH_SEARCH_PATHS = "$(inherited) @executable_path/Frameworks";
				PRODUCT_NAME = "$(TARGET_NAME)";
			};
			name = Release;
		};
		EE29A30B1AD8028E0035F58D /* Debug */ = {
			isa = XCBuildConfiguration;
			buildSettings = {
				BUNDLE_LOADER = "$(TEST_HOST)";
				FRAMEWORK_SEARCH_PATHS = (
					"$(SDKROOT)/Developer/Library/Frameworks",
					"$(inherited)",
				);
				GCC_PREPROCESSOR_DEFINITIONS = (
					"DEBUG=1",
					"$(inherited)",
				);
				INFOPLIST_FILE = lianjietetTests/Info.plist;
				LD_RUNPATH_SEARCH_PATHS = "$(inherited) @executable_path/Frameworks @loader_path/Frameworks";
				PRODUCT_NAME = "$(TARGET_NAME)";
				TEST_HOST = "$(BUILT_PRODUCTS_DIR)/lianjietet.app/lianjietet";
			};
			name = Debug;
		};
		EE29A30C1AD8028E0035F58D /* Release */ = {
			isa = XCBuildConfiguration;
			buildSettings = {
				BUNDLE_LOADER = "$(TEST_HOST)";
				FRAMEWORK_SEARCH_PATHS = (
					"$(SDKROOT)/Developer/Library/Frameworks",
					"$(inherited)",
				);
				INFOPLIST_FILE = lianjietetTests/Info.plist;
				LD_RUNPATH_SEARCH_PATHS = "$(inherited) @executable_path/Frameworks @loader_path/Frameworks";
				PRODUCT_NAME = "$(TARGET_NAME)";
				TEST_HOST = "$(BUILT_PRODUCTS_DIR)/lianjietet.app/lianjietet";
			};
			name = Release;
		};
/* End XCBuildConfiguration section */

/* Begin XCConfigurationList section */
		EE29A2DF1AD8028E0035F58D /* Build configuration list for PBXProject "lianjietet" */ = {
			isa = XCConfigurationList;
			buildConfigurations = (
				EE29A3051AD8028E0035F58D /* Debug */,
				EE29A3061AD8028E0035F58D /* Release */,
			);
			defaultConfigurationIsVisible = 0;
			defaultConfigurationName = Release;
		};
		EE29A3071AD8028E0035F58D /* Build configuration list for PBXNativeTarget "lianjietet" */ = {
			isa = XCConfigurationList;
			buildConfigurations = (
				EE29A3081AD8028E0035F58D /* Debug */,
				EE29A3091AD8028E0035F58D /* Release */,
			);
			defaultConfigurationIsVisible = 0;
		};
		EE29A30A1AD8028E0035F58D /* Build configuration list for PBXNativeTarget "lianjietetTests" */ = {
			isa = XCConfigurationList;
			buildConfigurations = (
				EE29A30B1AD8028E0035F58D /* Debug */,
				EE29A30C1AD8028E0035F58D /* Release */,
			);
			defaultConfigurationIsVisible = 0;
		};
/* End XCConfigurationList section */
	};
	rootObject = EE29A2DC1AD8028E0035F58D /* Project object */;
}
