// !$*UTF8*$!
{
	archiveVersion = 1;
	classes = {
	};
	objectVersion = 46;
	objects = {

/* Begin PBXBuildFile section */
		EED24F491AD56DC600471708 /* main.m in Sources */ = {isa = PBXBuildFile; fileRef = EED24F481AD56DC600471708 /* main.m */; };
		EED24F4C1AD56DC600471708 /* AppDelegate.m in Sources */ = {isa = PBXBuildFile; fileRef = EED24F4B1AD56DC600471708 /* AppDelegate.m */; };
		EED24F4F1AD56DC600471708 /* ViewController.m in Sources */ = {isa = PBXBuildFile; fileRef = EED24F4E1AD56DC600471708 /* ViewController.m */; };
		EED24F521AD56DC600471708 /* Main.storyboard in Resources */ = {isa = PBXBuildFile; fileRef = EED24F501AD56DC600471708 /* Main.storyboard */; };
		EED24F541AD56DC600471708 /* Images.xcassets in Resources */ = {isa = PBXBuildFile; fileRef = EED24F531AD56DC600471708 /* Images.xcassets */; };
		EED24F571AD56DC600471708 /* LaunchScreen.xib in Resources */ = {isa = PBXBuildFile; fileRef = EED24F551AD56DC600471708 /* LaunchScreen.xib */; };
		EED24F631AD56DC600471708 /* helloTests.m in Sources */ = {isa = PBXBuildFile; fileRef = EED24F621AD56DC600471708 /* helloTests.m */; };
/* End PBXBuildFile section */

/* Begin PBXContainerItemProxy section */
		EED24F5D1AD56DC600471708 /* PBXContainerItemProxy */ = {
			isa = PBXContainerItemProxy;
			containerPortal = EED24F3B1AD56DC600471708 /* Project object */;
			proxyType = 1;
			remoteGlobalIDString = EED24F421AD56DC600471708;
			remoteInfo = hello;
		};
/* End PBXContainerItemProxy section */

/* Begin PBXFileReference section */
		EED24F431AD56DC600471708 /* hello.app */ = {isa = PBXFileReference; explicitFileType = wrapper.application; includeInIndex = 0; path = hello.app; sourceTree = BUILT_PRODUCTS_DIR; };
		EED24F471AD56DC600471708 /* Info.plist */ = {isa = PBXFileReference; lastKnownFileType = text.plist.xml; path = Info.plist; sourceTree = "<group>"; };
		EED24F481AD56DC600471708 /* main.m */ = {isa = PBXFileReference; lastKnownFileType = sourcecode.c.objc; path = main.m; sourceTree = "<group>"; };
		EED24F4A1AD56DC600471708 /* AppDelegate.h */ = {isa = PBXFileReference; lastKnownFileType = sourcecode.c.h; path = AppDelegate.h; sourceTree = "<group>"; };
		EED24F4B1AD56DC600471708 /* AppDelegate.m */ = {isa = PBXFileReference; lastKnownFileType = sourcecode.c.objc; path = AppDelegate.m; sourceTree = "<group>"; };
		EED24F4D1AD56DC600471708 /* ViewController.h */ = {isa = PBXFileReference; lastKnownFileType = sourcecode.c.h; path = ViewController.h; sourceTree = "<group>"; };
		EED24F4E1AD56DC600471708 /* ViewController.m */ = {isa = PBXFileReference; lastKnownFileType = sourcecode.c.objc; path = ViewController.m; sourceTree = "<group>"; };
		EED24F511AD56DC600471708 /* Base */ = {isa = PBXFileReference; lastKnownFileType = file.storyboard; name = Base; path = Base.lproj/Main.storyboard; sourceTree = "<group>"; };
		EED24F531AD56DC600471708 /* Images.xcassets */ = {isa = PBXFileReference; lastKnownFileType = folder.assetcatalog; path = Images.xcassets; sourceTree = "<group>"; };
		EED24F561AD56DC600471708 /* Base */ = {isa = PBXFileReference; lastKnownFileType = file.xib; name = Base; path = Base.lproj/LaunchScreen.xib; sourceTree = "<group>"; };
		EED24F5C1AD56DC600471708 /* helloTests.xctest */ = {isa = PBXFileReference; explicitFileType = wrapper.cfbundle; includeInIndex = 0; path = helloTests.xctest; sourceTree = BUILT_PRODUCTS_DIR; };
		EED24F611AD56DC600471708 /* Info.plist */ = {isa = PBXFileReference; lastKnownFileType = text.plist.xml; path = Info.plist; sourceTree = "<group>"; };
		EED24F621AD56DC600471708 /* helloTests.m */ = {isa = PBXFileReference; lastKnownFileType = sourcecode.c.objc; path = helloTests.m; sourceTree = "<group>"; };
/* End PBXFileReference section */

/* Begin PBXFrameworksBuildPhase section */
		EED24F401AD56DC600471708 /* Frameworks */ = {
			isa = PBXFrameworksBuildPhase;
			buildActionMask = 2147483647;
			files = (
			);
			runOnlyForDeploymentPostprocessing = 0;
		};
		EED24F591AD56DC600471708 /* Frameworks */ = {
			isa = PBXFrameworksBuildPhase;
			buildActionMask = 2147483647;
			files = (
			);
			runOnlyForDeploymentPostprocessing = 0;
		};
/* End PBXFrameworksBuildPhase section */

/* Begin PBXGroup section */
		EED24F3A1AD56DC600471708 = {
			isa = PBXGroup;
			children = (
				EED24F451AD56DC600471708 /* hello */,
				EED24F5F1AD56DC600471708 /* helloTests */,
				EED24F441AD56DC600471708 /* Products */,
			);
			sourceTree = "<group>";
		};
		EED24F441AD56DC600471708 /* Products */ = {
			isa = PBXGroup;
			children = (
				EED24F431AD56DC600471708 /* hello.app */,
				EED24F5C1AD56DC600471708 /* helloTests.xctest */,
			);
			name = Products;
			sourceTree = "<group>";
		};
		EED24F451AD56DC600471708 /* hello */ = {
			isa = PBXGroup;
			children = (
				EED24F4A1AD56DC600471708 /* AppDelegate.h */,
				EED24F4B1AD56DC600471708 /* AppDelegate.m */,
				EED24F4D1AD56DC600471708 /* ViewController.h */,
				EED24F4E1AD56DC600471708 /* ViewController.m */,
				EED24F501AD56DC600471708 /* Main.storyboard */,
				EED24F531AD56DC600471708 /* Images.xcassets */,
				EED24F551AD56DC600471708 /* LaunchScreen.xib */,
				EED24F461AD56DC600471708 /* Supporting Files */,
			);
			path = hello;
			sourceTree = "<group>";
		};
		EED24F461AD56DC600471708 /* Supporting Files */ = {
			isa = PBXGroup;
			children = (
				EED24F471AD56DC600471708 /* Info.plist */,
				EED24F481AD56DC600471708 /* main.m */,
			);
			name = "Supporting Files";
			sourceTree = "<group>";
		};
		EED24F5F1AD56DC600471708 /* helloTests */ = {
			isa = PBXGroup;
			children = (
				EED24F621AD56DC600471708 /* helloTests.m */,
				EED24F601AD56DC600471708 /* Supporting Files */,
			);
			path = helloTests;
			sourceTree = "<group>";
		};
		EED24F601AD56DC600471708 /* Supporting Files */ = {
			isa = PBXGroup;
			children = (
				EED24F611AD56DC600471708 /* Info.plist */,
			);
			name = "Supporting Files";
			sourceTree = "<group>";
		};
/* End PBXGroup section */

/* Begin PBXNativeTarget section */
		EED24F421AD56DC600471708 /* hello */ = {
			isa = PBXNativeTarget;
			buildConfigurationList = EED24F661AD56DC600471708 /* Build configuration list for PBXNativeTarget "hello" */;
			buildPhases = (
				EED24F3F1AD56DC600471708 /* Sources */,
				EED24F401AD56DC600471708 /* Frameworks */,
				EED24F411AD56DC600471708 /* Resources */,
			);
			buildRules = (
			);
			dependencies = (
			);
			name = hello;
			productName = hello;
			productReference = EED24F431AD56DC600471708 /* hello.app */;
			productType = "com.apple.product-type.application";
		};
		EED24F5B1AD56DC600471708 /* helloTests */ = {
			isa = PBXNativeTarget;
			buildConfigurationList = EED24F691AD56DC600471708 /* Build configuration list for PBXNativeTarget "helloTests" */;
			buildPhases = (
				EED24F581AD56DC600471708 /* Sources */,
				EED24F591AD56DC600471708 /* Frameworks */,
				EED24F5A1AD56DC600471708 /* Resources */,
			);
			buildRules = (
			);
			dependencies = (
				EED24F5E1AD56DC600471708 /* PBXTargetDependency */,
			);
			name = helloTests;
			productName = helloTests;
			productReference = EED24F5C1AD56DC600471708 /* helloTests.xctest */;
			productType = "com.apple.product-type.bundle.unit-test";
		};
/* End PBXNativeTarget section */

/* Begin PBXProject section */
		EED24F3B1AD56DC600471708 /* Project object */ = {
			isa = PBXProject;
			attributes = {
				LastUpgradeCheck = 0620;
				ORGANIZATIONNAME = "张博良";
				TargetAttributes = {
					EED24F421AD56DC600471708 = {
						CreatedOnToolsVersion = 6.2;
					};
					EED24F5B1AD56DC600471708 = {
						CreatedOnToolsVersion = 6.2;
						TestTargetID = EED24F421AD56DC600471708;
					};
				};
			};
			buildConfigurationList = EED24F3E1AD56DC600471708 /* Build configuration list for PBXProject "hello" */;
			compatibilityVersion = "Xcode 3.2";
			developmentRegion = English;
			hasScannedForEncodings = 0;
			knownRegions = (
				en,
				Base,
			);
			mainGroup = EED24F3A1AD56DC600471708;
			productRefGroup = EED24F441AD56DC600471708 /* Products */;
			projectDirPath = "";
			projectRoot = "";
			targets = (
				EED24F421AD56DC600471708 /* hello */,
				EED24F5B1AD56DC600471708 /* helloTests */,
			);
		};
/* End PBXProject section */

/* Begin PBXResourcesBuildPhase section */
		EED24F411AD56DC600471708 /* Resources */ = {
			isa = PBXResourcesBuildPhase;
			buildActionMask = 2147483647;
			files = (
				EED24F521AD56DC600471708 /* Main.storyboard in Resources */,
				EED24F571AD56DC600471708 /* LaunchScreen.xib in Resources */,
				EED24F541AD56DC600471708 /* Images.xcassets in Resources */,
			);
			runOnlyForDeploymentPostprocessing = 0;
		};
		EED24F5A1AD56DC600471708 /* Resources */ = {
			isa = PBXResourcesBuildPhase;
			buildActionMask = 2147483647;
			files = (
			);
			runOnlyForDeploymentPostprocessing = 0;
		};
/* End PBXResourcesBuildPhase section */

/* Begin PBXSourcesBuildPhase section */
		EED24F3F1AD56DC600471708 /* Sources */ = {
			isa = PBXSourcesBuildPhase;
			buildActionMask = 2147483647;
			files = (
				EED24F4F1AD56DC600471708 /* ViewController.m in Sources */,
				EED24F4C1AD56DC600471708 /* AppDelegate.m in Sources */,
				EED24F491AD56DC600471708 /* main.m in Sources */,
			);
			runOnlyForDeploymentPostprocessing = 0;
		};
		EED24F581AD56DC600471708 /* Sources */ = {
			isa = PBXSourcesBuildPhase;
			buildActionMask = 2147483647;
			files = (
				EED24F631AD56DC600471708 /* helloTests.m in Sources */,
			);
			runOnlyForDeploymentPostprocessing = 0;
		};
/* End PBXSourcesBuildPhase section */

/* Begin PBXTargetDependency section */
		EED24F5E1AD56DC600471708 /* PBXTargetDependency */ = {
			isa = PBXTargetDependency;
			target = EED24F421AD56DC600471708 /* hello */;
			targetProxy = EED24F5D1AD56DC600471708 /* PBXContainerItemProxy */;
		};
/* End PBXTargetDependency section */

/* Begin PBXVariantGroup section */
		EED24F501AD56DC600471708 /* Main.storyboard */ = {
			isa = PBXVariantGroup;
			children = (
				EED24F511AD56DC600471708 /* Base */,
			);
			name = Main.storyboard;
			sourceTree = "<group>";
		};
		EED24F551AD56DC600471708 /* LaunchScreen.xib */ = {
			isa = PBXVariantGroup;
			children = (
				EED24F561AD56DC600471708 /* Base */,
			);
			name = LaunchScreen.xib;
			sourceTree = "<group>";
		};
/* End PBXVariantGroup section */

/* Begin XCBuildConfiguration section */
		EED24F641AD56DC600471708 /* Debug */ = {
			isa = XCBuildConfiguration;
			buildSettings = {
				ALWAYS_SEARCH_USER_PATHS = NO;
				CLANG_CXX_LANGUAGE_STANDARD = "gnu++0x";
				CLANG_CXX_LIBRARY = "libc++";
				CLANG_ENABLE_MODULES = YES;
				CLANG_ENABLE_OBJC_ARC = YES;
				CLANG_WARN_BOOL_CONVERSION = YES;
				CLANG_WARN_CONSTANT_CONVERSION = YES;
				CLANG_WARN_DIRECT_OBJC_ISA_USAGE = YES_ERROR;
				CLANG_WARN_EMPTY_BODY = YES;
				CLANG_WARN_ENUM_CONVERSION = YES;
				CLANG_WARN_INT_CONVERSION = YES;
				CLANG_WARN_OBJC_ROOT_CLASS = YES_ERROR;
				CLANG_WARN_UNREACHABLE_CODE = YES;
				CLANG_WARN__DUPLICATE_METHOD_MATCH = YES;
				"CODE_SIGN_IDENTITY[sdk=iphoneos*]" = "iPhone Developer";
				COPY_PHASE_STRIP = NO;
				ENABLE_STRICT_OBJC_MSGSEND = YES;
				GCC_C_LANGUAGE_STANDARD = gnu99;
				GCC_DYNAMIC_NO_PIC = NO;
				GCC_OPTIMIZATION_LEVEL = 0;
				GCC_PREPROCESSOR_DEFINITIONS = (
					"DEBUG=1",
					"$(inherited)",
				);
				GCC_SYMBOLS_PRIVATE_EXTERN = NO;
				GCC_WARN_64_TO_32_BIT_CONVERSION = YES;
				GCC_WARN_ABOUT_RETURN_TYPE = YES_ERROR;
				GCC_WARN_UNDECLARED_SELECTOR = YES;
				GCC_WARN_UNINITIALIZED_AUTOS = YES_AGGRESSIVE;
				GCC_WARN_UNUSED_FUNCTION = YES;
				GCC_WARN_UNUSED_VARIABLE = YES;
				IPHONEOS_DEPLOYMENT_TARGET = 8.2;
				MTL_ENABLE_DEBUG_INFO = YES;
				ONLY_ACTIVE_ARCH = YES;
				SDKROOT = iphoneos;
			};
			name = Debug;
		};
		EED24F651AD56DC600471708 /* Release */ = {
			isa = XCBuildConfiguration;
			buildSettings = {
				ALWAYS_SEARCH_USER_PATHS = NO;
				CLANG_CXX_LANGUAGE_STANDARD = "gnu++0x";
				CLANG_CXX_LIBRARY = "libc++";
				CLANG_ENABLE_MODULES = YES;
				CLANG_ENABLE_OBJC_ARC = YES;
				CLANG_WARN_BOOL_CONVERSION = YES;
				CLANG_WARN_CONSTANT_CONVERSION = YES;
				CLANG_WARN_DIRECT_OBJC_ISA_USAGE = YES_ERROR;
				CLANG_WARN_EMPTY_BODY = YES;
				CLANG_WARN_ENUM_CONVERSION = YES;
				CLANG_WARN_INT_CONVERSION = YES;
				CLANG_WARN_OBJC_ROOT_CLASS = YES_ERROR;
				CLANG_WARN_UNREACHABLE_CODE = YES;
				CLANG_WARN__DUPLICATE_METHOD_MATCH = YES;
				"CODE_SIGN_IDENTITY[sdk=iphoneos*]" = "iPhone Developer";
				COPY_PHASE_STRIP = NO;
				ENABLE_NS_ASSERTIONS = NO;
				ENABLE_STRICT_OBJC_MSGSEND = YES;
				GCC_C_LANGUAGE_STANDARD = gnu99;
				GCC_WARN_64_TO_32_BIT_CONVERSION = YES;
				GCC_WARN_ABOUT_RETURN_TYPE = YES_ERROR;
				GCC_WARN_UNDECLARED_SELECTOR = YES;
				GCC_WARN_UNINITIALIZED_AUTOS = YES_AGGRESSIVE;
				GCC_WARN_UNUSED_FUNCTION = YES;
				GCC_WARN_UNUSED_VARIABLE = YES;
				IPHONEOS_DEPLOYMENT_TARGET = 8.2;
				MTL_ENABLE_DEBUG_INFO = NO;
				SDKROOT = iphoneos;
				VALIDATE_PRODUCT = YES;
			};
			name = Release;
		};
		EED24F671AD56DC600471708 /* Debug */ = {
			isa = XCBuildConfiguration;
			buildSettings = {
				ASSETCATALOG_COMPILER_APPICON_NAME = AppIcon;
				INFOPLIST_FILE = hello/Info.plist;
				LD_RUNPATH_SEARCH_PATHS = "$(inherited) @executable_path/Frameworks";
				PRODUCT_NAME = "$(TARGET_NAME)";
			};
			name = Debug;
		};
		EED24F681AD56DC600471708 /* Release */ = {
			isa = XCBuildConfiguration;
			buildSettings = {
				ASSETCATALOG_COMPILER_APPICON_NAME = AppIcon;
				INFOPLIST_FILE = hello/Info.plist;
				LD_RUNPATH_SEARCH_PATHS = "$(inherited) @executable_path/Frameworks";
				PRODUCT_NAME = "$(TARGET_NAME)";
			};
			name = Release;
		};
		EED24F6A1AD56DC600471708 /* Debug */ = {
			isa = XCBuildConfiguration;
			buildSettings = {
				BUNDLE_LOADER = "$(TEST_HOST)";
				FRAMEWORK_SEARCH_PATHS = (
					"$(SDKROOT)/Developer/Library/Frameworks",
					"$(inherited)",
				);
				GCC_PREPROCESSOR_DEFINITIONS = (
					"DEBUG=1",
					"$(inherited)",
				);
				INFOPLIST_FILE = helloTests/Info.plist;
				LD_RUNPATH_SEARCH_PATHS = "$(inherited) @executable_path/Frameworks @loader_path/Frameworks";
				PRODUCT_NAME = "$(TARGET_NAME)";
				TEST_HOST = "$(BUILT_PRODUCTS_DIR)/hello.app/hello";
			};
			name = Debug;
		};
		EED24F6B1AD56DC600471708 /* Release */ = {
			isa = XCBuildConfiguration;
			buildSettings = {
				BUNDLE_LOADER = "$(TEST_HOST)";
				FRAMEWORK_SEARCH_PATHS = (
					"$(SDKROOT)/Developer/Library/Frameworks",
					"$(inherited)",
				);
				INFOPLIST_FILE = helloTests/Info.plist;
				LD_RUNPATH_SEARCH_PATHS = "$(inherited) @executable_path/Frameworks @loader_path/Frameworks";
				PRODUCT_NAME = "$(TARGET_NAME)";
				TEST_HOST = "$(BUILT_PRODUCTS_DIR)/hello.app/hello";
			};
			name = Release;
		};
/* End XCBuildConfiguration section */

/* Begin XCConfigurationList section */
		EED24F3E1AD56DC600471708 /* Build configuration list for PBXProject "hello" */ = {
			isa = XCConfigurationList;
			buildConfigurations = (
				EED24F641AD56DC600471708 /* Debug */,
				EED24F651AD56DC600471708 /* Release */,
			);
			defaultConfigurationIsVisible = 0;
			defaultConfigurationName = Release;
		};
		EED24F661AD56DC600471708 /* Build configuration list for PBXNativeTarget "hello" */ = {
			isa = XCConfigurationList;
			buildConfigurations = (
				EED24F671AD56DC600471708 /* Debug */,
				EED24F681AD56DC600471708 /* Release */,
			);
			defaultConfigurationIsVisible = 0;
		};
		EED24F691AD56DC600471708 /* Build configuration list for PBXNativeTarget "helloTests" */ = {
			isa = XCConfigurationList;
			buildConfigurations = (
				EED24F6A1AD56DC600471708 /* Debug */,
				EED24F6B1AD56DC600471708 /* Release */,
			);
			defaultConfigurationIsVisible = 0;
		};
/* End XCConfigurationList section */
	};
	rootObject = EED24F3B1AD56DC600471708 /* Project object */;
}
