// !$*UTF8*$!
{
	archiveVersion = 1;
	classes = {
	};
	objectVersion = 46;
	objects = {

/* Begin PBXBuildFile section */
		EEA1DDC81A025FF100387A4C /* main.m in Sources */ = {isa = PBXBuildFile; fileRef = EEA1DDC71A025FF100387A4C /* main.m */; };
		EEA1DDCB1A025FF100387A4C /* AppDelegate.m in Sources */ = {isa = PBXBuildFile; fileRef = EEA1DDCA1A025FF100387A4C /* AppDelegate.m */; };
		EEA1DDCE1A025FF100387A4C /* ViewController.m in Sources */ = {isa = PBXBuildFile; fileRef = EEA1DDCD1A025FF100387A4C /* ViewController.m */; };
		EEA1DDD11A025FF100387A4C /* Main.storyboard in Resources */ = {isa = PBXBuildFile; fileRef = EEA1DDCF1A025FF100387A4C /* Main.storyboard */; };
		EEA1DDD31A025FF100387A4C /* Images.xcassets in Resources */ = {isa = PBXBuildFile; fileRef = EEA1DDD21A025FF100387A4C /* Images.xcassets */; };
		EEA1DDD61A025FF100387A4C /* LaunchScreen.xib in Resources */ = {isa = PBXBuildFile; fileRef = EEA1DDD41A025FF100387A4C /* LaunchScreen.xib */; };
		EEA1DDE21A025FF100387A4C /* ___ios__Tests.m in Sources */ = {isa = PBXBuildFile; fileRef = EEA1DDE11A025FF100387A4C /* ___ios__Tests.m */; };
/* End PBXBuildFile section */

/* Begin PBXContainerItemProxy section */
		EEA1DDDC1A025FF100387A4C /* PBXContainerItemProxy */ = {
			isa = PBXContainerItemProxy;
			containerPortal = EEA1DDBA1A025FF100387A4C /* Project object */;
			proxyType = 1;
			remoteGlobalIDString = EEA1DDC11A025FF100387A4C;
			remoteInfo = "第一个ios程序";
		};
/* End PBXContainerItemProxy section */

/* Begin PBXFileReference section */
		EEA1DDC21A025FF100387A4C /* 第一个ios程序.app */ = {isa = PBXFileReference; explicitFileType = wrapper.application; includeInIndex = 0; path = "第一个ios程序.app"; sourceTree = BUILT_PRODUCTS_DIR; };
		EEA1DDC61A025FF100387A4C /* Info.plist */ = {isa = PBXFileReference; lastKnownFileType = text.plist.xml; path = Info.plist; sourceTree = "<group>"; };
		EEA1DDC71A025FF100387A4C /* main.m */ = {isa = PBXFileReference; lastKnownFileType = sourcecode.c.objc; path = main.m; sourceTree = "<group>"; };
		EEA1DDC91A025FF100387A4C /* AppDelegate.h */ = {isa = PBXFileReference; lastKnownFileType = sourcecode.c.h; path = AppDelegate.h; sourceTree = "<group>"; };
		EEA1DDCA1A025FF100387A4C /* AppDelegate.m */ = {isa = PBXFileReference; lastKnownFileType = sourcecode.c.objc; path = AppDelegate.m; sourceTree = "<group>"; };
		EEA1DDCC1A025FF100387A4C /* ViewController.h */ = {isa = PBXFileReference; lastKnownFileType = sourcecode.c.h; path = ViewController.h; sourceTree = "<group>"; };
		EEA1DDCD1A025FF100387A4C /* ViewController.m */ = {isa = PBXFileReference; lastKnownFileType = sourcecode.c.objc; path = ViewController.m; sourceTree = "<group>"; };
		EEA1DDD01A025FF100387A4C /* Base */ = {isa = PBXFileReference; lastKnownFileType = file.storyboard; name = Base; path = Base.lproj/Main.storyboard; sourceTree = "<group>"; };
		EEA1DDD21A025FF100387A4C /* Images.xcassets */ = {isa = PBXFileReference; lastKnownFileType = folder.assetcatalog; path = Images.xcassets; sourceTree = "<group>"; };
		EEA1DDD51A025FF100387A4C /* Base */ = {isa = PBXFileReference; lastKnownFileType = file.xib; name = Base; path = Base.lproj/LaunchScreen.xib; sourceTree = "<group>"; };
		EEA1DDDB1A025FF100387A4C /* 第一个ios程序Tests.xctest */ = {isa = PBXFileReference; explicitFileType = wrapper.cfbundle; includeInIndex = 0; path = "第一个ios程序Tests.xctest"; sourceTree = BUILT_PRODUCTS_DIR; };
		EEA1DDE01A025FF100387A4C /* Info.plist */ = {isa = PBXFileReference; lastKnownFileType = text.plist.xml; path = Info.plist; sourceTree = "<group>"; };
		EEA1DDE11A025FF100387A4C /* ___ios__Tests.m */ = {isa = PBXFileReference; lastKnownFileType = sourcecode.c.objc; path = "___ios__Tests.m"; sourceTree = "<group>"; };
/* End PBXFileReference section */

/* Begin PBXFrameworksBuildPhase section */
		EEA1DDBF1A025FF100387A4C /* Frameworks */ = {
			isa = PBXFrameworksBuildPhase;
			buildActionMask = 2147483647;
			files = (
			);
			runOnlyForDeploymentPostprocessing = 0;
		};
		EEA1DDD81A025FF100387A4C /* Frameworks */ = {
			isa = PBXFrameworksBuildPhase;
			buildActionMask = 2147483647;
			files = (
			);
			runOnlyForDeploymentPostprocessing = 0;
		};
/* End PBXFrameworksBuildPhase section */

/* Begin PBXGroup section */
		EEA1DDB91A025FF100387A4C = {
			isa = PBXGroup;
			children = (
				EEA1DDC41A025FF100387A4C /* 第一个ios程序 */,
				EEA1DDDE1A025FF100387A4C /* 第一个ios程序Tests */,
				EEA1DDC31A025FF100387A4C /* Products */,
			);
			sourceTree = "<group>";
		};
		EEA1DDC31A025FF100387A4C /* Products */ = {
			isa = PBXGroup;
			children = (
				EEA1DDC21A025FF100387A4C /* 第一个ios程序.app */,
				EEA1DDDB1A025FF100387A4C /* 第一个ios程序Tests.xctest */,
			);
			name = Products;
			sourceTree = "<group>";
		};
		EEA1DDC41A025FF100387A4C /* 第一个ios程序 */ = {
			isa = PBXGroup;
			children = (
				EEA1DDC91A025FF100387A4C /* AppDelegate.h */,
				EEA1DDCA1A025FF100387A4C /* AppDelegate.m */,
				EEA1DDCC1A025FF100387A4C /* ViewController.h */,
				EEA1DDCD1A025FF100387A4C /* ViewController.m */,
				EEA1DDCF1A025FF100387A4C /* Main.storyboard */,
				EEA1DDD21A025FF100387A4C /* Images.xcassets */,
				EEA1DDD41A025FF100387A4C /* LaunchScreen.xib */,
				EEA1DDC51A025FF100387A4C /* Supporting Files */,
			);
			path = "第一个ios程序";
			sourceTree = "<group>";
		};
		EEA1DDC51A025FF100387A4C /* Supporting Files */ = {
			isa = PBXGroup;
			children = (
				EEA1DDC61A025FF100387A4C /* Info.plist */,
				EEA1DDC71A025FF100387A4C /* main.m */,
			);
			name = "Supporting Files";
			sourceTree = "<group>";
		};
		EEA1DDDE1A025FF100387A4C /* 第一个ios程序Tests */ = {
			isa = PBXGroup;
			children = (
				EEA1DDE11A025FF100387A4C /* ___ios__Tests.m */,
				EEA1DDDF1A025FF100387A4C /* Supporting Files */,
			);
			path = "第一个ios程序Tests";
			sourceTree = "<group>";
		};
		EEA1DDDF1A025FF100387A4C /* Supporting Files */ = {
			isa = PBXGroup;
			children = (
				EEA1DDE01A025FF100387A4C /* Info.plist */,
			);
			name = "Supporting Files";
			sourceTree = "<group>";
		};
/* End PBXGroup section */

/* Begin PBXNativeTarget section */
		EEA1DDC11A025FF100387A4C /* 第一个ios程序 */ = {
			isa = PBXNativeTarget;
			buildConfigurationList = EEA1DDE51A025FF100387A4C /* Build configuration list for PBXNativeTarget "第一个ios程序" */;
			buildPhases = (
				EEA1DDBE1A025FF100387A4C /* Sources */,
				EEA1DDBF1A025FF100387A4C /* Frameworks */,
				EEA1DDC01A025FF100387A4C /* Resources */,
			);
			buildRules = (
			);
			dependencies = (
			);
			name = "第一个ios程序";
			productName = "第一个ios程序";
			productReference = EEA1DDC21A025FF100387A4C /* 第一个ios程序.app */;
			productType = "com.apple.product-type.application";
		};
		EEA1DDDA1A025FF100387A4C /* 第一个ios程序Tests */ = {
			isa = PBXNativeTarget;
			buildConfigurationList = EEA1DDE81A025FF100387A4C /* Build configuration list for PBXNativeTarget "第一个ios程序Tests" */;
			buildPhases = (
				EEA1DDD71A025FF100387A4C /* Sources */,
				EEA1DDD81A025FF100387A4C /* Frameworks */,
				EEA1DDD91A025FF100387A4C /* Resources */,
			);
			buildRules = (
			);
			dependencies = (
				EEA1DDDD1A025FF100387A4C /* PBXTargetDependency */,
			);
			name = "第一个ios程序Tests";
			productName = "第一个ios程序Tests";
			productReference = EEA1DDDB1A025FF100387A4C /* 第一个ios程序Tests.xctest */;
			productType = "com.apple.product-type.bundle.unit-test";
		};
/* End PBXNativeTarget section */

/* Begin PBXProject section */
		EEA1DDBA1A025FF100387A4C /* Project object */ = {
			isa = PBXProject;
			attributes = {
				LastUpgradeCheck = 0610;
				ORGANIZATIONNAME = "张博良";
				TargetAttributes = {
					EEA1DDC11A025FF100387A4C = {
						CreatedOnToolsVersion = 6.1;
					};
					EEA1DDDA1A025FF100387A4C = {
						CreatedOnToolsVersion = 6.1;
						TestTargetID = EEA1DDC11A025FF100387A4C;
					};
				};
			};
			buildConfigurationList = EEA1DDBD1A025FF100387A4C /* Build configuration list for PBXProject "第一个ios程序" */;
			compatibilityVersion = "Xcode 3.2";
			developmentRegion = English;
			hasScannedForEncodings = 0;
			knownRegions = (
				en,
				Base,
			);
			mainGroup = EEA1DDB91A025FF100387A4C;
			productRefGroup = EEA1DDC31A025FF100387A4C /* Products */;
			projectDirPath = "";
			projectRoot = "";
			targets = (
				EEA1DDC11A025FF100387A4C /* 第一个ios程序 */,
				EEA1DDDA1A025FF100387A4C /* 第一个ios程序Tests */,
			);
		};
/* End PBXProject section */

/* Begin PBXResourcesBuildPhase section */
		EEA1DDC01A025FF100387A4C /* Resources */ = {
			isa = PBXResourcesBuildPhase;
			buildActionMask = 2147483647;
			files = (
				EEA1DDD11A025FF100387A4C /* Main.storyboard in Resources */,
				EEA1DDD61A025FF100387A4C /* LaunchScreen.xib in Resources */,
				EEA1DDD31A025FF100387A4C /* Images.xcassets in Resources */,
			);
			runOnlyForDeploymentPostprocessing = 0;
		};
		EEA1DDD91A025FF100387A4C /* Resources */ = {
			isa = PBXResourcesBuildPhase;
			buildActionMask = 2147483647;
			files = (
			);
			runOnlyForDeploymentPostprocessing = 0;
		};
/* End PBXResourcesBuildPhase section */

/* Begin PBXSourcesBuildPhase section */
		EEA1DDBE1A025FF100387A4C /* Sources */ = {
			isa = PBXSourcesBuildPhase;
			buildActionMask = 2147483647;
			files = (
				EEA1DDCE1A025FF100387A4C /* ViewController.m in Sources */,
				EEA1DDCB1A025FF100387A4C /* AppDelegate.m in Sources */,
				EEA1DDC81A025FF100387A4C /* main.m in Sources */,
			);
			runOnlyForDeploymentPostprocessing = 0;
		};
		EEA1DDD71A025FF100387A4C /* Sources */ = {
			isa = PBXSourcesBuildPhase;
			buildActionMask = 2147483647;
			files = (
				EEA1DDE21A025FF100387A4C /* ___ios__Tests.m in Sources */,
			);
			runOnlyForDeploymentPostprocessing = 0;
		};
/* End PBXSourcesBuildPhase section */

/* Begin PBXTargetDependency section */
		EEA1DDDD1A025FF100387A4C /* PBXTargetDependency */ = {
			isa = PBXTargetDependency;
			target = EEA1DDC11A025FF100387A4C /* 第一个ios程序 */;
			targetProxy = EEA1DDDC1A025FF100387A4C /* PBXContainerItemProxy */;
		};
/* End PBXTargetDependency section */

/* Begin PBXVariantGroup section */
		EEA1DDCF1A025FF100387A4C /* Main.storyboard */ = {
			isa = PBXVariantGroup;
			children = (
				EEA1DDD01A025FF100387A4C /* Base */,
			);
			name = Main.storyboard;
			sourceTree = "<group>";
		};
		EEA1DDD41A025FF100387A4C /* LaunchScreen.xib */ = {
			isa = PBXVariantGroup;
			children = (
				EEA1DDD51A025FF100387A4C /* Base */,
			);
			name = LaunchScreen.xib;
			sourceTree = "<group>";
		};
/* End PBXVariantGroup section */

/* Begin XCBuildConfiguration section */
		EEA1DDE31A025FF100387A4C /* Debug */ = {
			isa = XCBuildConfiguration;
			buildSettings = {
				ALWAYS_SEARCH_USER_PATHS = NO;
				CLANG_CXX_LANGUAGE_STANDARD = "gnu++0x";
				CLANG_CXX_LIBRARY = "libc++";
				CLANG_ENABLE_MODULES = YES;
				CLANG_ENABLE_OBJC_ARC = YES;
				CLANG_WARN_BOOL_CONVERSION = YES;
				CLANG_WARN_CONSTANT_CONVERSION = YES;
				CLANG_WARN_DIRECT_OBJC_ISA_USAGE = YES_ERROR;
				CLANG_WARN_EMPTY_BODY = YES;
				CLANG_WARN_ENUM_CONVERSION = YES;
				CLANG_WARN_INT_CONVERSION = YES;
				CLANG_WARN_OBJC_ROOT_CLASS = YES_ERROR;
				CLANG_WARN_UNREACHABLE_CODE = YES;
				CLANG_WARN__DUPLICATE_METHOD_MATCH = YES;
				"CODE_SIGN_IDENTITY[sdk=iphoneos*]" = "iPhone Developer";
				COPY_PHASE_STRIP = NO;
				ENABLE_STRICT_OBJC_MSGSEND = YES;
				GCC_C_LANGUAGE_STANDARD = gnu99;
				GCC_DYNAMIC_NO_PIC = NO;
				GCC_OPTIMIZATION_LEVEL = 0;
				GCC_PREPROCESSOR_DEFINITIONS = (
					"DEBUG=1",
					"$(inherited)",
				);
				GCC_SYMBOLS_PRIVATE_EXTERN = NO;
				GCC_WARN_64_TO_32_BIT_CONVERSION = YES;
				GCC_WARN_ABOUT_RETURN_TYPE = YES_ERROR;
				GCC_WARN_UNDECLARED_SELECTOR = YES;
				GCC_WARN_UNINITIALIZED_AUTOS = YES_AGGRESSIVE;
				GCC_WARN_UNUSED_FUNCTION = YES;
				GCC_WARN_UNUSED_VARIABLE = YES;
				IPHONEOS_DEPLOYMENT_TARGET = 8.1;
				MTL_ENABLE_DEBUG_INFO = YES;
				ONLY_ACTIVE_ARCH = YES;
				SDKROOT = iphoneos;
			};
			name = Debug;
		};
		EEA1DDE41A025FF100387A4C /* Release */ = {
			isa = XCBuildConfiguration;
			buildSettings = {
				ALWAYS_SEARCH_USER_PATHS = NO;
				CLANG_CXX_LANGUAGE_STANDARD = "gnu++0x";
				CLANG_CXX_LIBRARY = "libc++";
				CLANG_ENABLE_MODULES = YES;
				CLANG_ENABLE_OBJC_ARC = YES;
				CLANG_WARN_BOOL_CONVERSION = YES;
				CLANG_WARN_CONSTANT_CONVERSION = YES;
				CLANG_WARN_DIRECT_OBJC_ISA_USAGE = YES_ERROR;
				CLANG_WARN_EMPTY_BODY = YES;
				CLANG_WARN_ENUM_CONVERSION = YES;
				CLANG_WARN_INT_CONVERSION = YES;
				CLANG_WARN_OBJC_ROOT_CLASS = YES_ERROR;
				CLANG_WARN_UNREACHABLE_CODE = YES;
				CLANG_WARN__DUPLICATE_METHOD_MATCH = YES;
				"CODE_SIGN_IDENTITY[sdk=iphoneos*]" = "iPhone Developer";
				COPY_PHASE_STRIP = YES;
				ENABLE_NS_ASSERTIONS = NO;
				ENABLE_STRICT_OBJC_MSGSEND = YES;
				GCC_C_LANGUAGE_STANDARD = gnu99;
				GCC_WARN_64_TO_32_BIT_CONVERSION = YES;
				GCC_WARN_ABOUT_RETURN_TYPE = YES_ERROR;
				GCC_WARN_UNDECLARED_SELECTOR = YES;
				GCC_WARN_UNINITIALIZED_AUTOS = YES_AGGRESSIVE;
				GCC_WARN_UNUSED_FUNCTION = YES;
				GCC_WARN_UNUSED_VARIABLE = YES;
				IPHONEOS_DEPLOYMENT_TARGET = 8.1;
				MTL_ENABLE_DEBUG_INFO = NO;
				SDKROOT = iphoneos;
				VALIDATE_PRODUCT = YES;
			};
			name = Release;
		};
		EEA1DDE61A025FF100387A4C /* Debug */ = {
			isa = XCBuildConfiguration;
			buildSettings = {
				ASSETCATALOG_COMPILER_APPICON_NAME = AppIcon;
				INFOPLIST_FILE = "第一个ios程序/Info.plist";
				LD_RUNPATH_SEARCH_PATHS = "$(inherited) @executable_path/Frameworks";
				PRODUCT_NAME = "$(TARGET_NAME)";
			};
			name = Debug;
		};
		EEA1DDE71A025FF100387A4C /* Release */ = {
			isa = XCBuildConfiguration;
			buildSettings = {
				ASSETCATALOG_COMPILER_APPICON_NAME = AppIcon;
				INFOPLIST_FILE = "第一个ios程序/Info.plist";
				LD_RUNPATH_SEARCH_PATHS = "$(inherited) @executable_path/Frameworks";
				PRODUCT_NAME = "$(TARGET_NAME)";
			};
			name = Release;
		};
		EEA1DDE91A025FF100387A4C /* Debug */ = {
			isa = XCBuildConfiguration;
			buildSettings = {
				BUNDLE_LOADER = "$(TEST_HOST)";
				FRAMEWORK_SEARCH_PATHS = (
					"$(SDKROOT)/Developer/Library/Frameworks",
					"$(inherited)",
				);
				GCC_PREPROCESSOR_DEFINITIONS = (
					"DEBUG=1",
					"$(inherited)",
				);
				INFOPLIST_FILE = "第一个ios程序Tests/Info.plist";
				LD_RUNPATH_SEARCH_PATHS = "$(inherited) @executable_path/Frameworks @loader_path/Frameworks";
				PRODUCT_NAME = "$(TARGET_NAME)";
				TEST_HOST = "$(BUILT_PRODUCTS_DIR)/第一个ios程序.app/第一个ios程序";
			};
			name = Debug;
		};
		EEA1DDEA1A025FF100387A4C /* Release */ = {
			isa = XCBuildConfiguration;
			buildSettings = {
				BUNDLE_LOADER = "$(TEST_HOST)";
				FRAMEWORK_SEARCH_PATHS = (
					"$(SDKROOT)/Developer/Library/Frameworks",
					"$(inherited)",
				);
				INFOPLIST_FILE = "第一个ios程序Tests/Info.plist";
				LD_RUNPATH_SEARCH_PATHS = "$(inherited) @executable_path/Frameworks @loader_path/Frameworks";
				PRODUCT_NAME = "$(TARGET_NAME)";
				TEST_HOST = "$(BUILT_PRODUCTS_DIR)/第一个ios程序.app/第一个ios程序";
			};
			name = Release;
		};
/* End XCBuildConfiguration section */

/* Begin XCConfigurationList section */
		EEA1DDBD1A025FF100387A4C /* Build configuration list for PBXProject "第一个ios程序" */ = {
			isa = XCConfigurationList;
			buildConfigurations = (
				EEA1DDE31A025FF100387A4C /* Debug */,
				EEA1DDE41A025FF100387A4C /* Release */,
			);
			defaultConfigurationIsVisible = 0;
			defaultConfigurationName = Release;
		};
		EEA1DDE51A025FF100387A4C /* Build configuration list for PBXNativeTarget "第一个ios程序" */ = {
			isa = XCConfigurationList;
			buildConfigurations = (
				EEA1DDE61A025FF100387A4C /* Debug */,
				EEA1DDE71A025FF100387A4C /* Release */,
			);
			defaultConfigurationIsVisible = 0;
		};
		EEA1DDE81A025FF100387A4C /* Build configuration list for PBXNativeTarget "第一个ios程序Tests" */ = {
			isa = XCConfigurationList;
			buildConfigurations = (
				EEA1DDE91A025FF100387A4C /* Debug */,
				EEA1DDEA1A025FF100387A4C /* Release */,
			);
			defaultConfigurationIsVisible = 0;
		};
/* End XCConfigurationList section */
	};
	rootObject = EEA1DDBA1A025FF100387A4C /* Project object */;
}
