// !$*UTF8*$!
{
	archiveVersion = 1;
	classes = {
	};
	objectVersion = 46;
	objects = {

/* Begin PBXBuildFile section */
		EE1B023219FE76BF0045E062 /* main.m in Sources */ = {isa = PBXBuildFile; fileRef = EE1B023119FE76BF0045E062 /* main.m */; };
		EE1B023A19FE77EE0045E062 /* Button.m in Sources */ = {isa = PBXBuildFile; fileRef = EE1B023919FE77EE0045E062 /* Button.m */; };
		EE1B023D19FE83C80045E062 /* ButtonListener.m in Sources */ = {isa = PBXBuildFile; fileRef = EE1B023C19FE83C80045E062 /* ButtonListener.m */; };
/* End PBXBuildFile section */

/* Begin PBXCopyFilesBuildPhase section */
		EE1B022C19FE76BF0045E062 /* CopyFiles */ = {
			isa = PBXCopyFilesBuildPhase;
			buildActionMask = 2147483647;
			dstPath = /usr/share/man/man1/;
			dstSubfolderSpec = 0;
			files = (
			);
			runOnlyForDeploymentPostprocessing = 1;
		};
/* End PBXCopyFilesBuildPhase section */

/* Begin PBXFileReference section */
		EE1B022E19FE76BF0045E062 /* protocal协议 */ = {isa = PBXFileReference; explicitFileType = "compiled.mach-o.executable"; includeInIndex = 0; path = "protocal协议"; sourceTree = BUILT_PRODUCTS_DIR; };
		EE1B023119FE76BF0045E062 /* main.m */ = {isa = PBXFileReference; lastKnownFileType = sourcecode.c.objc; path = main.m; sourceTree = "<group>"; };
		EE1B023819FE77EE0045E062 /* Button.h */ = {isa = PBXFileReference; fileEncoding = 4; lastKnownFileType = sourcecode.c.h; path = Button.h; sourceTree = "<group>"; };
		EE1B023919FE77EE0045E062 /* Button.m */ = {isa = PBXFileReference; fileEncoding = 4; lastKnownFileType = sourcecode.c.objc; path = Button.m; sourceTree = "<group>"; };
		EE1B023B19FE83C80045E062 /* ButtonListener.h */ = {isa = PBXFileReference; fileEncoding = 4; lastKnownFileType = sourcecode.c.h; path = ButtonListener.h; sourceTree = "<group>"; };
		EE1B023C19FE83C80045E062 /* ButtonListener.m */ = {isa = PBXFileReference; fileEncoding = 4; lastKnownFileType = sourcecode.c.objc; path = ButtonListener.m; sourceTree = "<group>"; };
/* End PBXFileReference section */

/* Begin PBXFrameworksBuildPhase section */
		EE1B022B19FE76BF0045E062 /* Frameworks */ = {
			isa = PBXFrameworksBuildPhase;
			buildActionMask = 2147483647;
			files = (
			);
			runOnlyForDeploymentPostprocessing = 0;
		};
/* End PBXFrameworksBuildPhase section */

/* Begin PBXGroup section */
		EE1B022519FE76BF0045E062 = {
			isa = PBXGroup;
			children = (
				EE1B023019FE76BF0045E062 /* protocal协议 */,
				EE1B022F19FE76BF0045E062 /* Products */,
			);
			sourceTree = "<group>";
		};
		EE1B022F19FE76BF0045E062 /* Products */ = {
			isa = PBXGroup;
			children = (
				EE1B022E19FE76BF0045E062 /* protocal协议 */,
			);
			name = Products;
			sourceTree = "<group>";
		};
		EE1B023019FE76BF0045E062 /* protocal协议 */ = {
			isa = PBXGroup;
			children = (
				EE1B023119FE76BF0045E062 /* main.m */,
				EE1B023819FE77EE0045E062 /* Button.h */,
				EE1B023919FE77EE0045E062 /* Button.m */,
				EE1B023B19FE83C80045E062 /* ButtonListener.h */,
				EE1B023C19FE83C80045E062 /* ButtonListener.m */,
			);
			path = "protocal协议";
			sourceTree = "<group>";
		};
/* End PBXGroup section */

/* Begin PBXNativeTarget section */
		EE1B022D19FE76BF0045E062 /* protocal协议 */ = {
			isa = PBXNativeTarget;
			buildConfigurationList = EE1B023519FE76BF0045E062 /* Build configuration list for PBXNativeTarget "protocal协议" */;
			buildPhases = (
				EE1B022A19FE76BF0045E062 /* Sources */,
				EE1B022B19FE76BF0045E062 /* Frameworks */,
				EE1B022C19FE76BF0045E062 /* CopyFiles */,
			);
			buildRules = (
			);
			dependencies = (
			);
			name = "protocal协议";
			productName = "protocal协议";
			productReference = EE1B022E19FE76BF0045E062 /* protocal协议 */;
			productType = "com.apple.product-type.tool";
		};
/* End PBXNativeTarget section */

/* Begin PBXProject section */
		EE1B022619FE76BF0045E062 /* Project object */ = {
			isa = PBXProject;
			attributes = {
				LastUpgradeCheck = 0610;
				ORGANIZATIONNAME = "张博良";
				TargetAttributes = {
					EE1B022D19FE76BF0045E062 = {
						CreatedOnToolsVersion = 6.1;
					};
				};
			};
			buildConfigurationList = EE1B022919FE76BF0045E062 /* Build configuration list for PBXProject "protocal协议" */;
			compatibilityVersion = "Xcode 3.2";
			developmentRegion = English;
			hasScannedForEncodings = 0;
			knownRegions = (
				en,
			);
			mainGroup = EE1B022519FE76BF0045E062;
			productRefGroup = EE1B022F19FE76BF0045E062 /* Products */;
			projectDirPath = "";
			projectRoot = "";
			targets = (
				EE1B022D19FE76BF0045E062 /* protocal协议 */,
			);
		};
/* End PBXProject section */

/* Begin PBXSourcesBuildPhase section */
		EE1B022A19FE76BF0045E062 /* Sources */ = {
			isa = PBXSourcesBuildPhase;
			buildActionMask = 2147483647;
			files = (
				EE1B023219FE76BF0045E062 /* main.m in Sources */,
				EE1B023A19FE77EE0045E062 /* Button.m in Sources */,
				EE1B023D19FE83C80045E062 /* ButtonListener.m in Sources */,
			);
			runOnlyForDeploymentPostprocessing = 0;
		};
/* End PBXSourcesBuildPhase section */

/* Begin XCBuildConfiguration section */
		EE1B023319FE76BF0045E062 /* Debug */ = {
			isa = XCBuildConfiguration;
			buildSettings = {
				ALWAYS_SEARCH_USER_PATHS = NO;
				CLANG_CXX_LANGUAGE_STANDARD = "gnu++0x";
				CLANG_CXX_LIBRARY = "libc++";
				CLANG_ENABLE_MODULES = YES;
				CLANG_ENABLE_OBJC_ARC = YES;
				CLANG_WARN_BOOL_CONVERSION = YES;
				CLANG_WARN_CONSTANT_CONVERSION = YES;
				CLANG_WARN_DIRECT_OBJC_ISA_USAGE = YES_ERROR;
				CLANG_WARN_EMPTY_BODY = YES;
				CLANG_WARN_ENUM_CONVERSION = YES;
				CLANG_WARN_INT_CONVERSION = YES;
				CLANG_WARN_OBJC_ROOT_CLASS = YES_ERROR;
				CLANG_WARN_UNREACHABLE_CODE = YES;
				CLANG_WARN__DUPLICATE_METHOD_MATCH = YES;
				COPY_PHASE_STRIP = NO;
				ENABLE_STRICT_OBJC_MSGSEND = YES;
				GCC_C_LANGUAGE_STANDARD = gnu99;
				GCC_DYNAMIC_NO_PIC = NO;
				GCC_OPTIMIZATION_LEVEL = 0;
				GCC_PREPROCESSOR_DEFINITIONS = (
					"DEBUG=1",
					"$(inherited)",
				);
				GCC_SYMBOLS_PRIVATE_EXTERN = NO;
				GCC_WARN_64_TO_32_BIT_CONVERSION = YES;
				GCC_WARN_ABOUT_RETURN_TYPE = YES_ERROR;
				GCC_WARN_UNDECLARED_SELECTOR = YES;
				GCC_WARN_UNINITIALIZED_AUTOS = YES_AGGRESSIVE;
				GCC_WARN_UNUSED_FUNCTION = YES;
				GCC_WARN_UNUSED_VARIABLE = YES;
				MACOSX_DEPLOYMENT_TARGET = 10.10;
				MTL_ENABLE_DEBUG_INFO = YES;
				ONLY_ACTIVE_ARCH = YES;
				SDKROOT = macosx;
			};
			name = Debug;
		};
		EE1B023419FE76BF0045E062 /* Release */ = {
			isa = XCBuildConfiguration;
			buildSettings = {
				ALWAYS_SEARCH_USER_PATHS = NO;
				CLANG_CXX_LANGUAGE_STANDARD = "gnu++0x";
				CLANG_CXX_LIBRARY = "libc++";
				CLANG_ENABLE_MODULES = YES;
				CLANG_ENABLE_OBJC_ARC = YES;
				CLANG_WARN_BOOL_CONVERSION = YES;
				CLANG_WARN_CONSTANT_CONVERSION = YES;
				CLANG_WARN_DIRECT_OBJC_ISA_USAGE = YES_ERROR;
				CLANG_WARN_EMPTY_BODY = YES;
				CLANG_WARN_ENUM_CONVERSION = YES;
				CLANG_WARN_INT_CONVERSION = YES;
				CLANG_WARN_OBJC_ROOT_CLASS = YES_ERROR;
				CLANG_WARN_UNREACHABLE_CODE = YES;
				CLANG_WARN__DUPLICATE_METHOD_MATCH = YES;
				COPY_PHASE_STRIP = YES;
				DEBUG_INFORMATION_FORMAT = "dwarf-with-dsym";
				ENABLE_NS_ASSERTIONS = NO;
				ENABLE_STRICT_OBJC_MSGSEND = YES;
				GCC_C_LANGUAGE_STANDARD = gnu99;
				GCC_WARN_64_TO_32_BIT_CONVERSION = YES;
				GCC_WARN_ABOUT_RETURN_TYPE = YES_ERROR;
				GCC_WARN_UNDECLARED_SELECTOR = YES;
				GCC_WARN_UNINITIALIZED_AUTOS = YES_AGGRESSIVE;
				GCC_WARN_UNUSED_FUNCTION = YES;
				GCC_WARN_UNUSED_VARIABLE = YES;
				MACOSX_DEPLOYMENT_TARGET = 10.10;
				MTL_ENABLE_DEBUG_INFO = NO;
				SDKROOT = macosx;
			};
			name = Release;
		};
		EE1B023619FE76BF0045E062 /* Debug */ = {
			isa = XCBuildConfiguration;
			buildSettings = {
				PRODUCT_NAME = "$(TARGET_NAME)";
			};
			name = Debug;
		};
		EE1B023719FE76BF0045E062 /* Release */ = {
			isa = XCBuildConfiguration;
			buildSettings = {
				PRODUCT_NAME = "$(TARGET_NAME)";
			};
			name = Release;
		};
/* End XCBuildConfiguration section */

/* Begin XCConfigurationList section */
		EE1B022919FE76BF0045E062 /* Build configuration list for PBXProject "protocal协议" */ = {
			isa = XCConfigurationList;
			buildConfigurations = (
				EE1B023319FE76BF0045E062 /* Debug */,
				EE1B023419FE76BF0045E062 /* Release */,
			);
			defaultConfigurationIsVisible = 0;
			defaultConfigurationName = Release;
		};
		EE1B023519FE76BF0045E062 /* Build configuration list for PBXNativeTarget "protocal协议" */ = {
			isa = XCConfigurationList;
			buildConfigurations = (
				EE1B023619FE76BF0045E062 /* Debug */,
				EE1B023719FE76BF0045E062 /* Release */,
			);
			defaultConfigurationIsVisible = 0;
		};
/* End XCConfigurationList section */
	};
	rootObject = EE1B022619FE76BF0045E062 /* Project object */;
}
