// !$*UTF8*$!
{
	archiveVersion = 1;
	classes = {
	};
	objectVersion = 46;
	objects = {

/* Begin PBXBuildFile section */
		EE0942471ADD43900011F9C7 /* AppDelegate.swift in Sources */ = {isa = PBXBuildFile; fileRef = EE0942461ADD43900011F9C7 /* AppDelegate.swift */; };
		EE0942491ADD43900011F9C7 /* ViewController.swift in Sources */ = {isa = PBXBuildFile; fileRef = EE0942481ADD43900011F9C7 /* ViewController.swift */; };
		EE09424C1ADD43900011F9C7 /* Main.storyboard in Resources */ = {isa = PBXBuildFile; fileRef = EE09424A1ADD43900011F9C7 /* Main.storyboard */; };
		EE09424E1ADD43900011F9C7 /* Images.xcassets in Resources */ = {isa = PBXBuildFile; fileRef = EE09424D1ADD43900011F9C7 /* Images.xcassets */; };
		EE0942511ADD43900011F9C7 /* LaunchScreen.xib in Resources */ = {isa = PBXBuildFile; fileRef = EE09424F1ADD43900011F9C7 /* LaunchScreen.xib */; };
		EE09425D1ADD43900011F9C7 /* UI001Tests.swift in Sources */ = {isa = PBXBuildFile; fileRef = EE09425C1ADD43900011F9C7 /* UI001Tests.swift */; };
		EE0942731ADD4CFD0011F9C7 /* SwiftViewController.swift in Sources */ = {isa = PBXBuildFile; fileRef = EE0942721ADD4CFD0011F9C7 /* SwiftViewController.swift */; };
/* End PBXBuildFile section */

/* Begin PBXContainerItemProxy section */
		EE0942571ADD43900011F9C7 /* PBXContainerItemProxy */ = {
			isa = PBXContainerItemProxy;
			containerPortal = EE0942391ADD43900011F9C7 /* Project object */;
			proxyType = 1;
			remoteGlobalIDString = EE0942401ADD43900011F9C7;
			remoteInfo = UI001;
		};
/* End PBXContainerItemProxy section */

/* Begin PBXFileReference section */
		EE0942411ADD43900011F9C7 /* UI001.app */ = {isa = PBXFileReference; explicitFileType = wrapper.application; includeInIndex = 0; path = UI001.app; sourceTree = BUILT_PRODUCTS_DIR; };
		EE0942451ADD43900011F9C7 /* Info.plist */ = {isa = PBXFileReference; lastKnownFileType = text.plist.xml; path = Info.plist; sourceTree = "<group>"; };
		EE0942461ADD43900011F9C7 /* AppDelegate.swift */ = {isa = PBXFileReference; lastKnownFileType = sourcecode.swift; path = AppDelegate.swift; sourceTree = "<group>"; };
		EE0942481ADD43900011F9C7 /* ViewController.swift */ = {isa = PBXFileReference; lastKnownFileType = sourcecode.swift; path = ViewController.swift; sourceTree = "<group>"; };
		EE09424B1ADD43900011F9C7 /* Base */ = {isa = PBXFileReference; lastKnownFileType = file.storyboard; name = Base; path = Base.lproj/Main.storyboard; sourceTree = "<group>"; };
		EE09424D1ADD43900011F9C7 /* Images.xcassets */ = {isa = PBXFileReference; lastKnownFileType = folder.assetcatalog; path = Images.xcassets; sourceTree = "<group>"; };
		EE0942501ADD43900011F9C7 /* Base */ = {isa = PBXFileReference; lastKnownFileType = file.xib; name = Base; path = Base.lproj/LaunchScreen.xib; sourceTree = "<group>"; };
		EE0942561ADD43900011F9C7 /* UI001Tests.xctest */ = {isa = PBXFileReference; explicitFileType = wrapper.cfbundle; includeInIndex = 0; path = UI001Tests.xctest; sourceTree = BUILT_PRODUCTS_DIR; };
		EE09425B1ADD43900011F9C7 /* Info.plist */ = {isa = PBXFileReference; lastKnownFileType = text.plist.xml; path = Info.plist; sourceTree = "<group>"; };
		EE09425C1ADD43900011F9C7 /* UI001Tests.swift */ = {isa = PBXFileReference; lastKnownFileType = sourcecode.swift; path = UI001Tests.swift; sourceTree = "<group>"; };
		EE0942721ADD4CFD0011F9C7 /* SwiftViewController.swift */ = {isa = PBXFileReference; fileEncoding = 4; lastKnownFileType = sourcecode.swift; path = SwiftViewController.swift; sourceTree = "<group>"; };
/* End PBXFileReference section */

/* Begin PBXFrameworksBuildPhase section */
		EE09423E1ADD43900011F9C7 /* Frameworks */ = {
			isa = PBXFrameworksBuildPhase;
			buildActionMask = 2147483647;
			files = (
			);
			runOnlyForDeploymentPostprocessing = 0;
		};
		EE0942531ADD43900011F9C7 /* Frameworks */ = {
			isa = PBXFrameworksBuildPhase;
			buildActionMask = 2147483647;
			files = (
			);
			runOnlyForDeploymentPostprocessing = 0;
		};
/* End PBXFrameworksBuildPhase section */

/* Begin PBXGroup section */
		EE0942381ADD43900011F9C7 = {
			isa = PBXGroup;
			children = (
				EE0942431ADD43900011F9C7 /* UI001 */,
				EE0942591ADD43900011F9C7 /* UI001Tests */,
				EE0942421ADD43900011F9C7 /* Products */,
			);
			sourceTree = "<group>";
		};
		EE0942421ADD43900011F9C7 /* Products */ = {
			isa = PBXGroup;
			children = (
				EE0942411ADD43900011F9C7 /* UI001.app */,
				EE0942561ADD43900011F9C7 /* UI001Tests.xctest */,
			);
			name = Products;
			sourceTree = "<group>";
		};
		EE0942431ADD43900011F9C7 /* UI001 */ = {
			isa = PBXGroup;
			children = (
				EE0942721ADD4CFD0011F9C7 /* SwiftViewController.swift */,
				EE0942461ADD43900011F9C7 /* AppDelegate.swift */,
				EE0942481ADD43900011F9C7 /* ViewController.swift */,
				EE09424A1ADD43900011F9C7 /* Main.storyboard */,
				EE09424D1ADD43900011F9C7 /* Images.xcassets */,
				EE09424F1ADD43900011F9C7 /* LaunchScreen.xib */,
				EE0942441ADD43900011F9C7 /* Supporting Files */,
			);
			path = UI001;
			sourceTree = "<group>";
		};
		EE0942441ADD43900011F9C7 /* Supporting Files */ = {
			isa = PBXGroup;
			children = (
				EE0942451ADD43900011F9C7 /* Info.plist */,
			);
			name = "Supporting Files";
			sourceTree = "<group>";
		};
		EE0942591ADD43900011F9C7 /* UI001Tests */ = {
			isa = PBXGroup;
			children = (
				EE09425C1ADD43900011F9C7 /* UI001Tests.swift */,
				EE09425A1ADD43900011F9C7 /* Supporting Files */,
			);
			path = UI001Tests;
			sourceTree = "<group>";
		};
		EE09425A1ADD43900011F9C7 /* Supporting Files */ = {
			isa = PBXGroup;
			children = (
				EE09425B1ADD43900011F9C7 /* Info.plist */,
			);
			name = "Supporting Files";
			sourceTree = "<group>";
		};
/* End PBXGroup section */

/* Begin PBXNativeTarget section */
		EE0942401ADD43900011F9C7 /* UI001 */ = {
			isa = PBXNativeTarget;
			buildConfigurationList = EE0942601ADD43900011F9C7 /* Build configuration list for PBXNativeTarget "UI001" */;
			buildPhases = (
				EE09423D1ADD43900011F9C7 /* Sources */,
				EE09423E1ADD43900011F9C7 /* Frameworks */,
				EE09423F1ADD43900011F9C7 /* Resources */,
			);
			buildRules = (
			);
			dependencies = (
			);
			name = UI001;
			productName = UI001;
			productReference = EE0942411ADD43900011F9C7 /* UI001.app */;
			productType = "com.apple.product-type.application";
		};
		EE0942551ADD43900011F9C7 /* UI001Tests */ = {
			isa = PBXNativeTarget;
			buildConfigurationList = EE0942631ADD43900011F9C7 /* Build configuration list for PBXNativeTarget "UI001Tests" */;
			buildPhases = (
				EE0942521ADD43900011F9C7 /* Sources */,
				EE0942531ADD43900011F9C7 /* Frameworks */,
				EE0942541ADD43900011F9C7 /* Resources */,
			);
			buildRules = (
			);
			dependencies = (
				EE0942581ADD43900011F9C7 /* PBXTargetDependency */,
			);
			name = UI001Tests;
			productName = UI001Tests;
			productReference = EE0942561ADD43900011F9C7 /* UI001Tests.xctest */;
			productType = "com.apple.product-type.bundle.unit-test";
		};
/* End PBXNativeTarget section */

/* Begin PBXProject section */
		EE0942391ADD43900011F9C7 /* Project object */ = {
			isa = PBXProject;
			attributes = {
				LastUpgradeCheck = 0630;
				ORGANIZATIONNAME = "张博良";
				TargetAttributes = {
					EE0942401ADD43900011F9C7 = {
						CreatedOnToolsVersion = 6.3;
					};
					EE0942551ADD43900011F9C7 = {
						CreatedOnToolsVersion = 6.3;
						TestTargetID = EE0942401ADD43900011F9C7;
					};
				};
			};
			buildConfigurationList = EE09423C1ADD43900011F9C7 /* Build configuration list for PBXProject "UI001" */;
			compatibilityVersion = "Xcode 3.2";
			developmentRegion = English;
			hasScannedForEncodings = 0;
			knownRegions = (
				en,
				Base,
			);
			mainGroup = EE0942381ADD43900011F9C7;
			productRefGroup = EE0942421ADD43900011F9C7 /* Products */;
			projectDirPath = "";
			projectRoot = "";
			targets = (
				EE0942401ADD43900011F9C7 /* UI001 */,
				EE0942551ADD43900011F9C7 /* UI001Tests */,
			);
		};
/* End PBXProject section */

/* Begin PBXResourcesBuildPhase section */
		EE09423F1ADD43900011F9C7 /* Resources */ = {
			isa = PBXResourcesBuildPhase;
			buildActionMask = 2147483647;
			files = (
				EE09424C1ADD43900011F9C7 /* Main.storyboard in Resources */,
				EE0942511ADD43900011F9C7 /* LaunchScreen.xib in Resources */,
				EE09424E1ADD43900011F9C7 /* Images.xcassets in Resources */,
			);
			runOnlyForDeploymentPostprocessing = 0;
		};
		EE0942541ADD43900011F9C7 /* Resources */ = {
			isa = PBXResourcesBuildPhase;
			buildActionMask = 2147483647;
			files = (
			);
			runOnlyForDeploymentPostprocessing = 0;
		};
/* End PBXResourcesBuildPhase section */

/* Begin PBXSourcesBuildPhase section */
		EE09423D1ADD43900011F9C7 /* Sources */ = {
			isa = PBXSourcesBuildPhase;
			buildActionMask = 2147483647;
			files = (
				EE0942731ADD4CFD0011F9C7 /* SwiftViewController.swift in Sources */,
				EE0942491ADD43900011F9C7 /* ViewController.swift in Sources */,
				EE0942471ADD43900011F9C7 /* AppDelegate.swift in Sources */,
			);
			runOnlyForDeploymentPostprocessing = 0;
		};
		EE0942521ADD43900011F9C7 /* Sources */ = {
			isa = PBXSourcesBuildPhase;
			buildActionMask = 2147483647;
			files = (
				EE09425D1ADD43900011F9C7 /* UI001Tests.swift in Sources */,
			);
			runOnlyForDeploymentPostprocessing = 0;
		};
/* End PBXSourcesBuildPhase section */

/* Begin PBXTargetDependency section */
		EE0942581ADD43900011F9C7 /* PBXTargetDependency */ = {
			isa = PBXTargetDependency;
			target = EE0942401ADD43900011F9C7 /* UI001 */;
			targetProxy = EE0942571ADD43900011F9C7 /* PBXContainerItemProxy */;
		};
/* End PBXTargetDependency section */

/* Begin PBXVariantGroup section */
		EE09424A1ADD43900011F9C7 /* Main.storyboard */ = {
			isa = PBXVariantGroup;
			children = (
				EE09424B1ADD43900011F9C7 /* Base */,
			);
			name = Main.storyboard;
			sourceTree = "<group>";
		};
		EE09424F1ADD43900011F9C7 /* LaunchScreen.xib */ = {
			isa = PBXVariantGroup;
			children = (
				EE0942501ADD43900011F9C7 /* Base */,
			);
			name = LaunchScreen.xib;
			sourceTree = "<group>";
		};
/* End PBXVariantGroup section */

/* Begin XCBuildConfiguration section */
		EE09425E1ADD43900011F9C7 /* Debug */ = {
			isa = XCBuildConfiguration;
			buildSettings = {
				ALWAYS_SEARCH_USER_PATHS = NO;
				CLANG_CXX_LANGUAGE_STANDARD = "gnu++0x";
				CLANG_CXX_LIBRARY = "libc++";
				CLANG_ENABLE_MODULES = YES;
				CLANG_ENABLE_OBJC_ARC = YES;
				CLANG_WARN_BOOL_CONVERSION = YES;
				CLANG_WARN_CONSTANT_CONVERSION = YES;
				CLANG_WARN_DIRECT_OBJC_ISA_USAGE = YES_ERROR;
				CLANG_WARN_EMPTY_BODY = YES;
				CLANG_WARN_ENUM_CONVERSION = YES;
				CLANG_WARN_INT_CONVERSION = YES;
				CLANG_WARN_OBJC_ROOT_CLASS = YES_ERROR;
				CLANG_WARN_UNREACHABLE_CODE = YES;
				CLANG_WARN__DUPLICATE_METHOD_MATCH = YES;
				"CODE_SIGN_IDENTITY[sdk=iphoneos*]" = "iPhone Developer";
				COPY_PHASE_STRIP = NO;
				DEBUG_INFORMATION_FORMAT = "dwarf-with-dsym";
				ENABLE_STRICT_OBJC_MSGSEND = YES;
				GCC_C_LANGUAGE_STANDARD = gnu99;
				GCC_DYNAMIC_NO_PIC = NO;
				GCC_NO_COMMON_BLOCKS = YES;
				GCC_OPTIMIZATION_LEVEL = 0;
				GCC_PREPROCESSOR_DEFINITIONS = (
					"DEBUG=1",
					"$(inherited)",
				);
				GCC_SYMBOLS_PRIVATE_EXTERN = NO;
				GCC_WARN_64_TO_32_BIT_CONVERSION = YES;
				GCC_WARN_ABOUT_RETURN_TYPE = YES_ERROR;
				GCC_WARN_UNDECLARED_SELECTOR = YES;
				GCC_WARN_UNINITIALIZED_AUTOS = YES_AGGRESSIVE;
				GCC_WARN_UNUSED_FUNCTION = YES;
				GCC_WARN_UNUSED_VARIABLE = YES;
				IPHONEOS_DEPLOYMENT_TARGET = 8.3;
				MTL_ENABLE_DEBUG_INFO = YES;
				ONLY_ACTIVE_ARCH = YES;
				SDKROOT = iphoneos;
				SWIFT_OPTIMIZATION_LEVEL = "-Onone";
			};
			name = Debug;
		};
		EE09425F1ADD43900011F9C7 /* Release */ = {
			isa = XCBuildConfiguration;
			buildSettings = {
				ALWAYS_SEARCH_USER_PATHS = NO;
				CLANG_CXX_LANGUAGE_STANDARD = "gnu++0x";
				CLANG_CXX_LIBRARY = "libc++";
				CLANG_ENABLE_MODULES = YES;
				CLANG_ENABLE_OBJC_ARC = YES;
				CLANG_WARN_BOOL_CONVERSION = YES;
				CLANG_WARN_CONSTANT_CONVERSION = YES;
				CLANG_WARN_DIRECT_OBJC_ISA_USAGE = YES_ERROR;
				CLANG_WARN_EMPTY_BODY = YES;
				CLANG_WARN_ENUM_CONVERSION = YES;
				CLANG_WARN_INT_CONVERSION = YES;
				CLANG_WARN_OBJC_ROOT_CLASS = YES_ERROR;
				CLANG_WARN_UNREACHABLE_CODE = YES;
				CLANG_WARN__DUPLICATE_METHOD_MATCH = YES;
				"CODE_SIGN_IDENTITY[sdk=iphoneos*]" = "iPhone Developer";
				COPY_PHASE_STRIP = NO;
				DEBUG_INFORMATION_FORMAT = "dwarf-with-dsym";
				ENABLE_NS_ASSERTIONS = NO;
				ENABLE_STRICT_OBJC_MSGSEND = YES;
				GCC_C_LANGUAGE_STANDARD = gnu99;
				GCC_NO_COMMON_BLOCKS = YES;
				GCC_WARN_64_TO_32_BIT_CONVERSION = YES;
				GCC_WARN_ABOUT_RETURN_TYPE = YES_ERROR;
				GCC_WARN_UNDECLARED_SELECTOR = YES;
				GCC_WARN_UNINITIALIZED_AUTOS = YES_AGGRESSIVE;
				GCC_WARN_UNUSED_FUNCTION = YES;
				GCC_WARN_UNUSED_VARIABLE = YES;
				IPHONEOS_DEPLOYMENT_TARGET = 8.3;
				MTL_ENABLE_DEBUG_INFO = NO;
				SDKROOT = iphoneos;
				VALIDATE_PRODUCT = YES;
			};
			name = Release;
		};
		EE0942611ADD43900011F9C7 /* Debug */ = {
			isa = XCBuildConfiguration;
			buildSettings = {
				ASSETCATALOG_COMPILER_APPICON_NAME = AppIcon;
				INFOPLIST_FILE = UI001/Info.plist;
				LD_RUNPATH_SEARCH_PATHS = "$(inherited) @executable_path/Frameworks";
				PRODUCT_NAME = "$(TARGET_NAME)";
			};
			name = Debug;
		};
		EE0942621ADD43900011F9C7 /* Release */ = {
			isa = XCBuildConfiguration;
			buildSettings = {
				ASSETCATALOG_COMPILER_APPICON_NAME = AppIcon;
				INFOPLIST_FILE = UI001/Info.plist;
				LD_RUNPATH_SEARCH_PATHS = "$(inherited) @executable_path/Frameworks";
				PRODUCT_NAME = "$(TARGET_NAME)";
			};
			name = Release;
		};
		EE0942641ADD43900011F9C7 /* Debug */ = {
			isa = XCBuildConfiguration;
			buildSettings = {
				BUNDLE_LOADER = "$(TEST_HOST)";
				FRAMEWORK_SEARCH_PATHS = (
					"$(SDKROOT)/Developer/Library/Frameworks",
					"$(inherited)",
				);
				GCC_PREPROCESSOR_DEFINITIONS = (
					"DEBUG=1",
					"$(inherited)",
				);
				INFOPLIST_FILE = UI001Tests/Info.plist;
				LD_RUNPATH_SEARCH_PATHS = "$(inherited) @executable_path/Frameworks @loader_path/Frameworks";
				PRODUCT_NAME = "$(TARGET_NAME)";
				TEST_HOST = "$(BUILT_PRODUCTS_DIR)/UI001.app/UI001";
			};
			name = Debug;
		};
		EE0942651ADD43900011F9C7 /* Release */ = {
			isa = XCBuildConfiguration;
			buildSettings = {
				BUNDLE_LOADER = "$(TEST_HOST)";
				FRAMEWORK_SEARCH_PATHS = (
					"$(SDKROOT)/Developer/Library/Frameworks",
					"$(inherited)",
				);
				INFOPLIST_FILE = UI001Tests/Info.plist;
				LD_RUNPATH_SEARCH_PATHS = "$(inherited) @executable_path/Frameworks @loader_path/Frameworks";
				PRODUCT_NAME = "$(TARGET_NAME)";
				TEST_HOST = "$(BUILT_PRODUCTS_DIR)/UI001.app/UI001";
			};
			name = Release;
		};
/* End XCBuildConfiguration section */

/* Begin XCConfigurationList section */
		EE09423C1ADD43900011F9C7 /* Build configuration list for PBXProject "UI001" */ = {
			isa = XCConfigurationList;
			buildConfigurations = (
				EE09425E1ADD43900011F9C7 /* Debug */,
				EE09425F1ADD43900011F9C7 /* Release */,
			);
			defaultConfigurationIsVisible = 0;
			defaultConfigurationName = Release;
		};
		EE0942601ADD43900011F9C7 /* Build configuration list for PBXNativeTarget "UI001" */ = {
			isa = XCConfigurationList;
			buildConfigurations = (
				EE0942611ADD43900011F9C7 /* Debug */,
				EE0942621ADD43900011F9C7 /* Release */,
			);
			defaultConfigurationIsVisible = 0;
			defaultConfigurationName = Release;
		};
		EE0942631ADD43900011F9C7 /* Build configuration list for PBXNativeTarget "UI001Tests" */ = {
			isa = XCConfigurationList;
			buildConfigurations = (
				EE0942641ADD43900011F9C7 /* Debug */,
				EE0942651ADD43900011F9C7 /* Release */,
			);
			defaultConfigurationIsVisible = 0;
			defaultConfigurationName = Release;
		};
/* End XCConfigurationList section */
	};
	rootObject = EE0942391ADD43900011F9C7 /* Project object */;
}
