// !$*UTF8*$!
{
	archiveVersion = 1;
	classes = {
	};
	objectVersion = 46;
	objects = {

/* Begin PBXBuildFile section */
		EE6CF1B719FAAC340064F57D /* AppDelegate.swift in Sources */ = {isa = PBXBuildFile; fileRef = EE6CF1B619FAAC340064F57D /* AppDelegate.swift */; };
		EE6CF1B919FAAC340064F57D /* ViewController.swift in Sources */ = {isa = PBXBuildFile; fileRef = EE6CF1B819FAAC340064F57D /* ViewController.swift */; };
		EE6CF1BC19FAAC340064F57D /* Main.storyboard in Resources */ = {isa = PBXBuildFile; fileRef = EE6CF1BA19FAAC340064F57D /* Main.storyboard */; };
		EE6CF1BE19FAAC340064F57D /* Images.xcassets in Resources */ = {isa = PBXBuildFile; fileRef = EE6CF1BD19FAAC340064F57D /* Images.xcassets */; };
		EE6CF1C119FAAC340064F57D /* LaunchScreen.xib in Resources */ = {isa = PBXBuildFile; fileRef = EE6CF1BF19FAAC340064F57D /* LaunchScreen.xib */; };
		EE6CF1CD19FAAC340064F57D /* HelloiosTests.swift in Sources */ = {isa = PBXBuildFile; fileRef = EE6CF1CC19FAAC340064F57D /* HelloiosTests.swift */; };
/* End PBXBuildFile section */

/* Begin PBXContainerItemProxy section */
		EE6CF1C719FAAC340064F57D /* PBXContainerItemProxy */ = {
			isa = PBXContainerItemProxy;
			containerPortal = EE6CF1A919FAAC340064F57D /* Project object */;
			proxyType = 1;
			remoteGlobalIDString = EE6CF1B019FAAC340064F57D;
			remoteInfo = Helloios;
		};
/* End PBXContainerItemProxy section */

/* Begin PBXFileReference section */
		EE6CF1B119FAAC340064F57D /* Helloios.app */ = {isa = PBXFileReference; explicitFileType = wrapper.application; includeInIndex = 0; path = Helloios.app; sourceTree = BUILT_PRODUCTS_DIR; };
		EE6CF1B519FAAC340064F57D /* Info.plist */ = {isa = PBXFileReference; lastKnownFileType = text.plist.xml; path = Info.plist; sourceTree = "<group>"; };
		EE6CF1B619FAAC340064F57D /* AppDelegate.swift */ = {isa = PBXFileReference; lastKnownFileType = sourcecode.swift; path = AppDelegate.swift; sourceTree = "<group>"; };
		EE6CF1B819FAAC340064F57D /* ViewController.swift */ = {isa = PBXFileReference; lastKnownFileType = sourcecode.swift; path = ViewController.swift; sourceTree = "<group>"; };
		EE6CF1BB19FAAC340064F57D /* Base */ = {isa = PBXFileReference; lastKnownFileType = file.storyboard; name = Base; path = Base.lproj/Main.storyboard; sourceTree = "<group>"; };
		EE6CF1BD19FAAC340064F57D /* Images.xcassets */ = {isa = PBXFileReference; lastKnownFileType = folder.assetcatalog; path = Images.xcassets; sourceTree = "<group>"; };
		EE6CF1C019FAAC340064F57D /* Base */ = {isa = PBXFileReference; lastKnownFileType = file.xib; name = Base; path = Base.lproj/LaunchScreen.xib; sourceTree = "<group>"; };
		EE6CF1C619FAAC340064F57D /* HelloiosTests.xctest */ = {isa = PBXFileReference; explicitFileType = wrapper.cfbundle; includeInIndex = 0; path = HelloiosTests.xctest; sourceTree = BUILT_PRODUCTS_DIR; };
		EE6CF1CB19FAAC340064F57D /* Info.plist */ = {isa = PBXFileReference; lastKnownFileType = text.plist.xml; path = Info.plist; sourceTree = "<group>"; };
		EE6CF1CC19FAAC340064F57D /* HelloiosTests.swift */ = {isa = PBXFileReference; lastKnownFileType = sourcecode.swift; path = HelloiosTests.swift; sourceTree = "<group>"; };
/* End PBXFileReference section */

/* Begin PBXFrameworksBuildPhase section */
		EE6CF1AE19FAAC340064F57D /* Frameworks */ = {
			isa = PBXFrameworksBuildPhase;
			buildActionMask = 2147483647;
			files = (
			);
			runOnlyForDeploymentPostprocessing = 0;
		};
		EE6CF1C319FAAC340064F57D /* Frameworks */ = {
			isa = PBXFrameworksBuildPhase;
			buildActionMask = 2147483647;
			files = (
			);
			runOnlyForDeploymentPostprocessing = 0;
		};
/* End PBXFrameworksBuildPhase section */

/* Begin PBXGroup section */
		EE6CF1A819FAAC340064F57D = {
			isa = PBXGroup;
			children = (
				EE6CF1B319FAAC340064F57D /* Helloios */,
				EE6CF1C919FAAC340064F57D /* HelloiosTests */,
				EE6CF1B219FAAC340064F57D /* Products */,
			);
			sourceTree = "<group>";
		};
		EE6CF1B219FAAC340064F57D /* Products */ = {
			isa = PBXGroup;
			children = (
				EE6CF1B119FAAC340064F57D /* Helloios.app */,
				EE6CF1C619FAAC340064F57D /* HelloiosTests.xctest */,
			);
			name = Products;
			sourceTree = "<group>";
		};
		EE6CF1B319FAAC340064F57D /* Helloios */ = {
			isa = PBXGroup;
			children = (
				EE6CF1B619FAAC340064F57D /* AppDelegate.swift */,
				EE6CF1B819FAAC340064F57D /* ViewController.swift */,
				EE6CF1BA19FAAC340064F57D /* Main.storyboard */,
				EE6CF1BD19FAAC340064F57D /* Images.xcassets */,
				EE6CF1BF19FAAC340064F57D /* LaunchScreen.xib */,
				EE6CF1B419FAAC340064F57D /* Supporting Files */,
			);
			path = Helloios;
			sourceTree = "<group>";
		};
		EE6CF1B419FAAC340064F57D /* Supporting Files */ = {
			isa = PBXGroup;
			children = (
				EE6CF1B519FAAC340064F57D /* Info.plist */,
			);
			name = "Supporting Files";
			sourceTree = "<group>";
		};
		EE6CF1C919FAAC340064F57D /* HelloiosTests */ = {
			isa = PBXGroup;
			children = (
				EE6CF1CC19FAAC340064F57D /* HelloiosTests.swift */,
				EE6CF1CA19FAAC340064F57D /* Supporting Files */,
			);
			path = HelloiosTests;
			sourceTree = "<group>";
		};
		EE6CF1CA19FAAC340064F57D /* Supporting Files */ = {
			isa = PBXGroup;
			children = (
				EE6CF1CB19FAAC340064F57D /* Info.plist */,
			);
			name = "Supporting Files";
			sourceTree = "<group>";
		};
/* End PBXGroup section */

/* Begin PBXNativeTarget section */
		EE6CF1B019FAAC340064F57D /* Helloios */ = {
			isa = PBXNativeTarget;
			buildConfigurationList = EE6CF1D019FAAC340064F57D /* Build configuration list for PBXNativeTarget "Helloios" */;
			buildPhases = (
				EE6CF1AD19FAAC340064F57D /* Sources */,
				EE6CF1AE19FAAC340064F57D /* Frameworks */,
				EE6CF1AF19FAAC340064F57D /* Resources */,
			);
			buildRules = (
			);
			dependencies = (
			);
			name = Helloios;
			productName = Helloios;
			productReference = EE6CF1B119FAAC340064F57D /* Helloios.app */;
			productType = "com.apple.product-type.application";
		};
		EE6CF1C519FAAC340064F57D /* HelloiosTests */ = {
			isa = PBXNativeTarget;
			buildConfigurationList = EE6CF1D319FAAC340064F57D /* Build configuration list for PBXNativeTarget "HelloiosTests" */;
			buildPhases = (
				EE6CF1C219FAAC340064F57D /* Sources */,
				EE6CF1C319FAAC340064F57D /* Frameworks */,
				EE6CF1C419FAAC340064F57D /* Resources */,
			);
			buildRules = (
			);
			dependencies = (
				EE6CF1C819FAAC340064F57D /* PBXTargetDependency */,
			);
			name = HelloiosTests;
			productName = HelloiosTests;
			productReference = EE6CF1C619FAAC340064F57D /* HelloiosTests.xctest */;
			productType = "com.apple.product-type.bundle.unit-test";
		};
/* End PBXNativeTarget section */

/* Begin PBXProject section */
		EE6CF1A919FAAC340064F57D /* Project object */ = {
			isa = PBXProject;
			attributes = {
				LastUpgradeCheck = 0610;
				ORGANIZATIONNAME = "张博良";
				TargetAttributes = {
					EE6CF1B019FAAC340064F57D = {
						CreatedOnToolsVersion = 6.1;
					};
					EE6CF1C519FAAC340064F57D = {
						CreatedOnToolsVersion = 6.1;
						TestTargetID = EE6CF1B019FAAC340064F57D;
					};
				};
			};
			buildConfigurationList = EE6CF1AC19FAAC340064F57D /* Build configuration list for PBXProject "Helloios" */;
			compatibilityVersion = "Xcode 3.2";
			developmentRegion = English;
			hasScannedForEncodings = 0;
			knownRegions = (
				en,
				Base,
			);
			mainGroup = EE6CF1A819FAAC340064F57D;
			productRefGroup = EE6CF1B219FAAC340064F57D /* Products */;
			projectDirPath = "";
			projectRoot = "";
			targets = (
				EE6CF1B019FAAC340064F57D /* Helloios */,
				EE6CF1C519FAAC340064F57D /* HelloiosTests */,
			);
		};
/* End PBXProject section */

/* Begin PBXResourcesBuildPhase section */
		EE6CF1AF19FAAC340064F57D /* Resources */ = {
			isa = PBXResourcesBuildPhase;
			buildActionMask = 2147483647;
			files = (
				EE6CF1BC19FAAC340064F57D /* Main.storyboard in Resources */,
				EE6CF1C119FAAC340064F57D /* LaunchScreen.xib in Resources */,
				EE6CF1BE19FAAC340064F57D /* Images.xcassets in Resources */,
			);
			runOnlyForDeploymentPostprocessing = 0;
		};
		EE6CF1C419FAAC340064F57D /* Resources */ = {
			isa = PBXResourcesBuildPhase;
			buildActionMask = 2147483647;
			files = (
			);
			runOnlyForDeploymentPostprocessing = 0;
		};
/* End PBXResourcesBuildPhase section */

/* Begin PBXSourcesBuildPhase section */
		EE6CF1AD19FAAC340064F57D /* Sources */ = {
			isa = PBXSourcesBuildPhase;
			buildActionMask = 2147483647;
			files = (
				EE6CF1B919FAAC340064F57D /* ViewController.swift in Sources */,
				EE6CF1B719FAAC340064F57D /* AppDelegate.swift in Sources */,
			);
			runOnlyForDeploymentPostprocessing = 0;
		};
		EE6CF1C219FAAC340064F57D /* Sources */ = {
			isa = PBXSourcesBuildPhase;
			buildActionMask = 2147483647;
			files = (
				EE6CF1CD19FAAC340064F57D /* HelloiosTests.swift in Sources */,
			);
			runOnlyForDeploymentPostprocessing = 0;
		};
/* End PBXSourcesBuildPhase section */

/* Begin PBXTargetDependency section */
		EE6CF1C819FAAC340064F57D /* PBXTargetDependency */ = {
			isa = PBXTargetDependency;
			target = EE6CF1B019FAAC340064F57D /* Helloios */;
			targetProxy = EE6CF1C719FAAC340064F57D /* PBXContainerItemProxy */;
		};
/* End PBXTargetDependency section */

/* Begin PBXVariantGroup section */
		EE6CF1BA19FAAC340064F57D /* Main.storyboard */ = {
			isa = PBXVariantGroup;
			children = (
				EE6CF1BB19FAAC340064F57D /* Base */,
			);
			name = Main.storyboard;
			sourceTree = "<group>";
		};
		EE6CF1BF19FAAC340064F57D /* LaunchScreen.xib */ = {
			isa = PBXVariantGroup;
			children = (
				EE6CF1C019FAAC340064F57D /* Base */,
			);
			name = LaunchScreen.xib;
			sourceTree = "<group>";
		};
/* End PBXVariantGroup section */

/* Begin XCBuildConfiguration section */
		EE6CF1CE19FAAC340064F57D /* Debug */ = {
			isa = XCBuildConfiguration;
			buildSettings = {
				ALWAYS_SEARCH_USER_PATHS = NO;
				CLANG_CXX_LANGUAGE_STANDARD = "gnu++0x";
				CLANG_CXX_LIBRARY = "libc++";
				CLANG_ENABLE_MODULES = YES;
				CLANG_ENABLE_OBJC_ARC = YES;
				CLANG_WARN_BOOL_CONVERSION = YES;
				CLANG_WARN_CONSTANT_CONVERSION = YES;
				CLANG_WARN_DIRECT_OBJC_ISA_USAGE = YES_ERROR;
				CLANG_WARN_EMPTY_BODY = YES;
				CLANG_WARN_ENUM_CONVERSION = YES;
				CLANG_WARN_INT_CONVERSION = YES;
				CLANG_WARN_OBJC_ROOT_CLASS = YES_ERROR;
				CLANG_WARN_UNREACHABLE_CODE = YES;
				CLANG_WARN__DUPLICATE_METHOD_MATCH = YES;
				"CODE_SIGN_IDENTITY[sdk=iphoneos*]" = "iPhone Developer";
				COPY_PHASE_STRIP = NO;
				ENABLE_STRICT_OBJC_MSGSEND = YES;
				GCC_C_LANGUAGE_STANDARD = gnu99;
				GCC_DYNAMIC_NO_PIC = NO;
				GCC_OPTIMIZATION_LEVEL = 0;
				GCC_PREPROCESSOR_DEFINITIONS = (
					"DEBUG=1",
					"$(inherited)",
				);
				GCC_SYMBOLS_PRIVATE_EXTERN = NO;
				GCC_WARN_64_TO_32_BIT_CONVERSION = YES;
				GCC_WARN_ABOUT_RETURN_TYPE = YES_ERROR;
				GCC_WARN_UNDECLARED_SELECTOR = YES;
				GCC_WARN_UNINITIALIZED_AUTOS = YES_AGGRESSIVE;
				GCC_WARN_UNUSED_FUNCTION = YES;
				GCC_WARN_UNUSED_VARIABLE = YES;
				IPHONEOS_DEPLOYMENT_TARGET = 8.1;
				MTL_ENABLE_DEBUG_INFO = YES;
				ONLY_ACTIVE_ARCH = YES;
				SDKROOT = iphoneos;
				SWIFT_OPTIMIZATION_LEVEL = "-Onone";
			};
			name = Debug;
		};
		EE6CF1CF19FAAC340064F57D /* Release */ = {
			isa = XCBuildConfiguration;
			buildSettings = {
				ALWAYS_SEARCH_USER_PATHS = NO;
				CLANG_CXX_LANGUAGE_STANDARD = "gnu++0x";
				CLANG_CXX_LIBRARY = "libc++";
				CLANG_ENABLE_MODULES = YES;
				CLANG_ENABLE_OBJC_ARC = YES;
				CLANG_WARN_BOOL_CONVERSION = YES;
				CLANG_WARN_CONSTANT_CONVERSION = YES;
				CLANG_WARN_DIRECT_OBJC_ISA_USAGE = YES_ERROR;
				CLANG_WARN_EMPTY_BODY = YES;
				CLANG_WARN_ENUM_CONVERSION = YES;
				CLANG_WARN_INT_CONVERSION = YES;
				CLANG_WARN_OBJC_ROOT_CLASS = YES_ERROR;
				CLANG_WARN_UNREACHABLE_CODE = YES;
				CLANG_WARN__DUPLICATE_METHOD_MATCH = YES;
				"CODE_SIGN_IDENTITY[sdk=iphoneos*]" = "iPhone Developer";
				COPY_PHASE_STRIP = YES;
				ENABLE_NS_ASSERTIONS = NO;
				ENABLE_STRICT_OBJC_MSGSEND = YES;
				GCC_C_LANGUAGE_STANDARD = gnu99;
				GCC_WARN_64_TO_32_BIT_CONVERSION = YES;
				GCC_WARN_ABOUT_RETURN_TYPE = YES_ERROR;
				GCC_WARN_UNDECLARED_SELECTOR = YES;
				GCC_WARN_UNINITIALIZED_AUTOS = YES_AGGRESSIVE;
				GCC_WARN_UNUSED_FUNCTION = YES;
				GCC_WARN_UNUSED_VARIABLE = YES;
				IPHONEOS_DEPLOYMENT_TARGET = 8.1;
				MTL_ENABLE_DEBUG_INFO = NO;
				SDKROOT = iphoneos;
				VALIDATE_PRODUCT = YES;
			};
			name = Release;
		};
		EE6CF1D119FAAC340064F57D /* Debug */ = {
			isa = XCBuildConfiguration;
			buildSettings = {
				ASSETCATALOG_COMPILER_APPICON_NAME = AppIcon;
				INFOPLIST_FILE = Helloios/Info.plist;
				LD_RUNPATH_SEARCH_PATHS = "$(inherited) @executable_path/Frameworks";
				PRODUCT_NAME = "$(TARGET_NAME)";
			};
			name = Debug;
		};
		EE6CF1D219FAAC340064F57D /* Release */ = {
			isa = XCBuildConfiguration;
			buildSettings = {
				ASSETCATALOG_COMPILER_APPICON_NAME = AppIcon;
				INFOPLIST_FILE = Helloios/Info.plist;
				LD_RUNPATH_SEARCH_PATHS = "$(inherited) @executable_path/Frameworks";
				PRODUCT_NAME = "$(TARGET_NAME)";
			};
			name = Release;
		};
		EE6CF1D419FAAC340064F57D /* Debug */ = {
			isa = XCBuildConfiguration;
			buildSettings = {
				BUNDLE_LOADER = "$(TEST_HOST)";
				FRAMEWORK_SEARCH_PATHS = (
					"$(SDKROOT)/Developer/Library/Frameworks",
					"$(inherited)",
				);
				GCC_PREPROCESSOR_DEFINITIONS = (
					"DEBUG=1",
					"$(inherited)",
				);
				INFOPLIST_FILE = HelloiosTests/Info.plist;
				LD_RUNPATH_SEARCH_PATHS = "$(inherited) @executable_path/Frameworks @loader_path/Frameworks";
				PRODUCT_NAME = "$(TARGET_NAME)";
				TEST_HOST = "$(BUILT_PRODUCTS_DIR)/Helloios.app/Helloios";
			};
			name = Debug;
		};
		EE6CF1D519FAAC340064F57D /* Release */ = {
			isa = XCBuildConfiguration;
			buildSettings = {
				BUNDLE_LOADER = "$(TEST_HOST)";
				FRAMEWORK_SEARCH_PATHS = (
					"$(SDKROOT)/Developer/Library/Frameworks",
					"$(inherited)",
				);
				INFOPLIST_FILE = HelloiosTests/Info.plist;
				LD_RUNPATH_SEARCH_PATHS = "$(inherited) @executable_path/Frameworks @loader_path/Frameworks";
				PRODUCT_NAME = "$(TARGET_NAME)";
				TEST_HOST = "$(BUILT_PRODUCTS_DIR)/Helloios.app/Helloios";
			};
			name = Release;
		};
/* End XCBuildConfiguration section */

/* Begin XCConfigurationList section */
		EE6CF1AC19FAAC340064F57D /* Build configuration list for PBXProject "Helloios" */ = {
			isa = XCConfigurationList;
			buildConfigurations = (
				EE6CF1CE19FAAC340064F57D /* Debug */,
				EE6CF1CF19FAAC340064F57D /* Release */,
			);
			defaultConfigurationIsVisible = 0;
			defaultConfigurationName = Release;
		};
		EE6CF1D019FAAC340064F57D /* Build configuration list for PBXNativeTarget "Helloios" */ = {
			isa = XCConfigurationList;
			buildConfigurations = (
				EE6CF1D119FAAC340064F57D /* Debug */,
				EE6CF1D219FAAC340064F57D /* Release */,
			);
			defaultConfigurationIsVisible = 0;
		};
		EE6CF1D319FAAC340064F57D /* Build configuration list for PBXNativeTarget "HelloiosTests" */ = {
			isa = XCConfigurationList;
			buildConfigurations = (
				EE6CF1D419FAAC340064F57D /* Debug */,
				EE6CF1D519FAAC340064F57D /* Release */,
			);
			defaultConfigurationIsVisible = 0;
		};
/* End XCConfigurationList section */
	};
	rootObject = EE6CF1A919FAAC340064F57D /* Project object */;
}
