// !$*UTF8*$!
{
	archiveVersion = 1;
	classes = {
	};
	objectVersion = 46;
	objects = {

/* Begin PBXBuildFile section */
		EE810E511AEBB0ED0054DE18 /* main.m in Sources */ = {isa = PBXBuildFile; fileRef = EE810E501AEBB0ED0054DE18 /* main.m */; };
		EE810E541AEBB0ED0054DE18 /* AppDelegate.m in Sources */ = {isa = PBXBuildFile; fileRef = EE810E531AEBB0ED0054DE18 /* AppDelegate.m */; };
		EE810E571AEBB0ED0054DE18 /* ViewController.m in Sources */ = {isa = PBXBuildFile; fileRef = EE810E561AEBB0ED0054DE18 /* ViewController.m */; };
		EE810E5A1AEBB0ED0054DE18 /* Main.storyboard in Resources */ = {isa = PBXBuildFile; fileRef = EE810E581AEBB0ED0054DE18 /* Main.storyboard */; };
		EE810E5C1AEBB0ED0054DE18 /* Images.xcassets in Resources */ = {isa = PBXBuildFile; fileRef = EE810E5B1AEBB0ED0054DE18 /* Images.xcassets */; };
		EE810E5F1AEBB0ED0054DE18 /* LaunchScreen.xib in Resources */ = {isa = PBXBuildFile; fileRef = EE810E5D1AEBB0ED0054DE18 /* LaunchScreen.xib */; };
		EE810E6B1AEBB0EE0054DE18 /* StoryboardTestTests.m in Sources */ = {isa = PBXBuildFile; fileRef = EE810E6A1AEBB0EE0054DE18 /* StoryboardTestTests.m */; };
		EE810E761AEBB3AD0054DE18 /* DateAndTimeViewController.m in Sources */ = {isa = PBXBuildFile; fileRef = EE810E751AEBB3AD0054DE18 /* DateAndTimeViewController.m */; };
/* End PBXBuildFile section */

/* Begin PBXContainerItemProxy section */
		EE810E651AEBB0EE0054DE18 /* PBXContainerItemProxy */ = {
			isa = PBXContainerItemProxy;
			containerPortal = EE810E431AEBB0ED0054DE18 /* Project object */;
			proxyType = 1;
			remoteGlobalIDString = EE810E4A1AEBB0ED0054DE18;
			remoteInfo = StoryboardTest;
		};
/* End PBXContainerItemProxy section */

/* Begin PBXFileReference section */
		EE810E4B1AEBB0ED0054DE18 /* StoryboardTest.app */ = {isa = PBXFileReference; explicitFileType = wrapper.application; includeInIndex = 0; path = StoryboardTest.app; sourceTree = BUILT_PRODUCTS_DIR; };
		EE810E4F1AEBB0ED0054DE18 /* Info.plist */ = {isa = PBXFileReference; lastKnownFileType = text.plist.xml; path = Info.plist; sourceTree = "<group>"; };
		EE810E501AEBB0ED0054DE18 /* main.m */ = {isa = PBXFileReference; lastKnownFileType = sourcecode.c.objc; path = main.m; sourceTree = "<group>"; };
		EE810E521AEBB0ED0054DE18 /* AppDelegate.h */ = {isa = PBXFileReference; lastKnownFileType = sourcecode.c.h; path = AppDelegate.h; sourceTree = "<group>"; };
		EE810E531AEBB0ED0054DE18 /* AppDelegate.m */ = {isa = PBXFileReference; lastKnownFileType = sourcecode.c.objc; path = AppDelegate.m; sourceTree = "<group>"; };
		EE810E551AEBB0ED0054DE18 /* ViewController.h */ = {isa = PBXFileReference; lastKnownFileType = sourcecode.c.h; path = ViewController.h; sourceTree = "<group>"; };
		EE810E561AEBB0ED0054DE18 /* ViewController.m */ = {isa = PBXFileReference; lastKnownFileType = sourcecode.c.objc; path = ViewController.m; sourceTree = "<group>"; };
		EE810E591AEBB0ED0054DE18 /* Base */ = {isa = PBXFileReference; lastKnownFileType = file.storyboard; name = Base; path = Base.lproj/Main.storyboard; sourceTree = "<group>"; };
		EE810E5B1AEBB0ED0054DE18 /* Images.xcassets */ = {isa = PBXFileReference; lastKnownFileType = folder.assetcatalog; path = Images.xcassets; sourceTree = "<group>"; };
		EE810E5E1AEBB0ED0054DE18 /* Base */ = {isa = PBXFileReference; lastKnownFileType = file.xib; name = Base; path = Base.lproj/LaunchScreen.xib; sourceTree = "<group>"; };
		EE810E641AEBB0EE0054DE18 /* StoryboardTestTests.xctest */ = {isa = PBXFileReference; explicitFileType = wrapper.cfbundle; includeInIndex = 0; path = StoryboardTestTests.xctest; sourceTree = BUILT_PRODUCTS_DIR; };
		EE810E691AEBB0EE0054DE18 /* Info.plist */ = {isa = PBXFileReference; lastKnownFileType = text.plist.xml; path = Info.plist; sourceTree = "<group>"; };
		EE810E6A1AEBB0EE0054DE18 /* StoryboardTestTests.m */ = {isa = PBXFileReference; lastKnownFileType = sourcecode.c.objc; path = StoryboardTestTests.m; sourceTree = "<group>"; };
		EE810E741AEBB3AD0054DE18 /* DateAndTimeViewController.h */ = {isa = PBXFileReference; fileEncoding = 4; lastKnownFileType = sourcecode.c.h; path = DateAndTimeViewController.h; sourceTree = "<group>"; };
		EE810E751AEBB3AD0054DE18 /* DateAndTimeViewController.m */ = {isa = PBXFileReference; fileEncoding = 4; lastKnownFileType = sourcecode.c.objc; path = DateAndTimeViewController.m; sourceTree = "<group>"; };
/* End PBXFileReference section */

/* Begin PBXFrameworksBuildPhase section */
		EE810E481AEBB0ED0054DE18 /* Frameworks */ = {
			isa = PBXFrameworksBuildPhase;
			buildActionMask = 2147483647;
			files = (
			);
			runOnlyForDeploymentPostprocessing = 0;
		};
		EE810E611AEBB0EE0054DE18 /* Frameworks */ = {
			isa = PBXFrameworksBuildPhase;
			buildActionMask = 2147483647;
			files = (
			);
			runOnlyForDeploymentPostprocessing = 0;
		};
/* End PBXFrameworksBuildPhase section */

/* Begin PBXGroup section */
		EE810E421AEBB0ED0054DE18 = {
			isa = PBXGroup;
			children = (
				EE810E4D1AEBB0ED0054DE18 /* StoryboardTest */,
				EE810E671AEBB0EE0054DE18 /* StoryboardTestTests */,
				EE810E4C1AEBB0ED0054DE18 /* Products */,
			);
			sourceTree = "<group>";
		};
		EE810E4C1AEBB0ED0054DE18 /* Products */ = {
			isa = PBXGroup;
			children = (
				EE810E4B1AEBB0ED0054DE18 /* StoryboardTest.app */,
				EE810E641AEBB0EE0054DE18 /* StoryboardTestTests.xctest */,
			);
			name = Products;
			sourceTree = "<group>";
		};
		EE810E4D1AEBB0ED0054DE18 /* StoryboardTest */ = {
			isa = PBXGroup;
			children = (
				EE810E521AEBB0ED0054DE18 /* AppDelegate.h */,
				EE810E531AEBB0ED0054DE18 /* AppDelegate.m */,
				EE810E551AEBB0ED0054DE18 /* ViewController.h */,
				EE810E561AEBB0ED0054DE18 /* ViewController.m */,
				EE810E581AEBB0ED0054DE18 /* Main.storyboard */,
				EE810E5B1AEBB0ED0054DE18 /* Images.xcassets */,
				EE810E5D1AEBB0ED0054DE18 /* LaunchScreen.xib */,
				EE810E4E1AEBB0ED0054DE18 /* Supporting Files */,
				EE810E741AEBB3AD0054DE18 /* DateAndTimeViewController.h */,
				EE810E751AEBB3AD0054DE18 /* DateAndTimeViewController.m */,
			);
			path = StoryboardTest;
			sourceTree = "<group>";
		};
		EE810E4E1AEBB0ED0054DE18 /* Supporting Files */ = {
			isa = PBXGroup;
			children = (
				EE810E4F1AEBB0ED0054DE18 /* Info.plist */,
				EE810E501AEBB0ED0054DE18 /* main.m */,
			);
			name = "Supporting Files";
			sourceTree = "<group>";
		};
		EE810E671AEBB0EE0054DE18 /* StoryboardTestTests */ = {
			isa = PBXGroup;
			children = (
				EE810E6A1AEBB0EE0054DE18 /* StoryboardTestTests.m */,
				EE810E681AEBB0EE0054DE18 /* Supporting Files */,
			);
			path = StoryboardTestTests;
			sourceTree = "<group>";
		};
		EE810E681AEBB0EE0054DE18 /* Supporting Files */ = {
			isa = PBXGroup;
			children = (
				EE810E691AEBB0EE0054DE18 /* Info.plist */,
			);
			name = "Supporting Files";
			sourceTree = "<group>";
		};
/* End PBXGroup section */

/* Begin PBXNativeTarget section */
		EE810E4A1AEBB0ED0054DE18 /* StoryboardTest */ = {
			isa = PBXNativeTarget;
			buildConfigurationList = EE810E6E1AEBB0EE0054DE18 /* Build configuration list for PBXNativeTarget "StoryboardTest" */;
			buildPhases = (
				EE810E471AEBB0ED0054DE18 /* Sources */,
				EE810E481AEBB0ED0054DE18 /* Frameworks */,
				EE810E491AEBB0ED0054DE18 /* Resources */,
			);
			buildRules = (
			);
			dependencies = (
			);
			name = StoryboardTest;
			productName = StoryboardTest;
			productReference = EE810E4B1AEBB0ED0054DE18 /* StoryboardTest.app */;
			productType = "com.apple.product-type.application";
		};
		EE810E631AEBB0EE0054DE18 /* StoryboardTestTests */ = {
			isa = PBXNativeTarget;
			buildConfigurationList = EE810E711AEBB0EE0054DE18 /* Build configuration list for PBXNativeTarget "StoryboardTestTests" */;
			buildPhases = (
				EE810E601AEBB0EE0054DE18 /* Sources */,
				EE810E611AEBB0EE0054DE18 /* Frameworks */,
				EE810E621AEBB0EE0054DE18 /* Resources */,
			);
			buildRules = (
			);
			dependencies = (
				EE810E661AEBB0EE0054DE18 /* PBXTargetDependency */,
			);
			name = StoryboardTestTests;
			productName = StoryboardTestTests;
			productReference = EE810E641AEBB0EE0054DE18 /* StoryboardTestTests.xctest */;
			productType = "com.apple.product-type.bundle.unit-test";
		};
/* End PBXNativeTarget section */

/* Begin PBXProject section */
		EE810E431AEBB0ED0054DE18 /* Project object */ = {
			isa = PBXProject;
			attributes = {
				LastUpgradeCheck = 0630;
				ORGANIZATIONNAME = "张博良";
				TargetAttributes = {
					EE810E4A1AEBB0ED0054DE18 = {
						CreatedOnToolsVersion = 6.3.1;
					};
					EE810E631AEBB0EE0054DE18 = {
						CreatedOnToolsVersion = 6.3.1;
						TestTargetID = EE810E4A1AEBB0ED0054DE18;
					};
				};
			};
			buildConfigurationList = EE810E461AEBB0ED0054DE18 /* Build configuration list for PBXProject "StoryboardTest" */;
			compatibilityVersion = "Xcode 3.2";
			developmentRegion = English;
			hasScannedForEncodings = 0;
			knownRegions = (
				en,
				Base,
			);
			mainGroup = EE810E421AEBB0ED0054DE18;
			productRefGroup = EE810E4C1AEBB0ED0054DE18 /* Products */;
			projectDirPath = "";
			projectRoot = "";
			targets = (
				EE810E4A1AEBB0ED0054DE18 /* StoryboardTest */,
				EE810E631AEBB0EE0054DE18 /* StoryboardTestTests */,
			);
		};
/* End PBXProject section */

/* Begin PBXResourcesBuildPhase section */
		EE810E491AEBB0ED0054DE18 /* Resources */ = {
			isa = PBXResourcesBuildPhase;
			buildActionMask = 2147483647;
			files = (
				EE810E5A1AEBB0ED0054DE18 /* Main.storyboard in Resources */,
				EE810E5F1AEBB0ED0054DE18 /* LaunchScreen.xib in Resources */,
				EE810E5C1AEBB0ED0054DE18 /* Images.xcassets in Resources */,
			);
			runOnlyForDeploymentPostprocessing = 0;
		};
		EE810E621AEBB0EE0054DE18 /* Resources */ = {
			isa = PBXResourcesBuildPhase;
			buildActionMask = 2147483647;
			files = (
			);
			runOnlyForDeploymentPostprocessing = 0;
		};
/* End PBXResourcesBuildPhase section */

/* Begin PBXSourcesBuildPhase section */
		EE810E471AEBB0ED0054DE18 /* Sources */ = {
			isa = PBXSourcesBuildPhase;
			buildActionMask = 2147483647;
			files = (
				EE810E571AEBB0ED0054DE18 /* ViewController.m in Sources */,
				EE810E761AEBB3AD0054DE18 /* DateAndTimeViewController.m in Sources */,
				EE810E541AEBB0ED0054DE18 /* AppDelegate.m in Sources */,
				EE810E511AEBB0ED0054DE18 /* main.m in Sources */,
			);
			runOnlyForDeploymentPostprocessing = 0;
		};
		EE810E601AEBB0EE0054DE18 /* Sources */ = {
			isa = PBXSourcesBuildPhase;
			buildActionMask = 2147483647;
			files = (
				EE810E6B1AEBB0EE0054DE18 /* StoryboardTestTests.m in Sources */,
			);
			runOnlyForDeploymentPostprocessing = 0;
		};
/* End PBXSourcesBuildPhase section */

/* Begin PBXTargetDependency section */
		EE810E661AEBB0EE0054DE18 /* PBXTargetDependency */ = {
			isa = PBXTargetDependency;
			target = EE810E4A1AEBB0ED0054DE18 /* StoryboardTest */;
			targetProxy = EE810E651AEBB0EE0054DE18 /* PBXContainerItemProxy */;
		};
/* End PBXTargetDependency section */

/* Begin PBXVariantGroup section */
		EE810E581AEBB0ED0054DE18 /* Main.storyboard */ = {
			isa = PBXVariantGroup;
			children = (
				EE810E591AEBB0ED0054DE18 /* Base */,
			);
			name = Main.storyboard;
			sourceTree = "<group>";
		};
		EE810E5D1AEBB0ED0054DE18 /* LaunchScreen.xib */ = {
			isa = PBXVariantGroup;
			children = (
				EE810E5E1AEBB0ED0054DE18 /* Base */,
			);
			name = LaunchScreen.xib;
			sourceTree = "<group>";
		};
/* End PBXVariantGroup section */

/* Begin XCBuildConfiguration section */
		EE810E6C1AEBB0EE0054DE18 /* Debug */ = {
			isa = XCBuildConfiguration;
			buildSettings = {
				ALWAYS_SEARCH_USER_PATHS = NO;
				CLANG_CXX_LANGUAGE_STANDARD = "gnu++0x";
				CLANG_CXX_LIBRARY = "libc++";
				CLANG_ENABLE_MODULES = YES;
				CLANG_ENABLE_OBJC_ARC = YES;
				CLANG_WARN_BOOL_CONVERSION = YES;
				CLANG_WARN_CONSTANT_CONVERSION = YES;
				CLANG_WARN_DIRECT_OBJC_ISA_USAGE = YES_ERROR;
				CLANG_WARN_EMPTY_BODY = YES;
				CLANG_WARN_ENUM_CONVERSION = YES;
				CLANG_WARN_INT_CONVERSION = YES;
				CLANG_WARN_OBJC_ROOT_CLASS = YES_ERROR;
				CLANG_WARN_UNREACHABLE_CODE = YES;
				CLANG_WARN__DUPLICATE_METHOD_MATCH = YES;
				"CODE_SIGN_IDENTITY[sdk=iphoneos*]" = "iPhone Developer";
				COPY_PHASE_STRIP = NO;
				DEBUG_INFORMATION_FORMAT = "dwarf-with-dsym";
				ENABLE_STRICT_OBJC_MSGSEND = YES;
				GCC_C_LANGUAGE_STANDARD = gnu99;
				GCC_DYNAMIC_NO_PIC = NO;
				GCC_NO_COMMON_BLOCKS = YES;
				GCC_OPTIMIZATION_LEVEL = 0;
				GCC_PREPROCESSOR_DEFINITIONS = (
					"DEBUG=1",
					"$(inherited)",
				);
				GCC_SYMBOLS_PRIVATE_EXTERN = NO;
				GCC_WARN_64_TO_32_BIT_CONVERSION = YES;
				GCC_WARN_ABOUT_RETURN_TYPE = YES_ERROR;
				GCC_WARN_UNDECLARED_SELECTOR = YES;
				GCC_WARN_UNINITIALIZED_AUTOS = YES_AGGRESSIVE;
				GCC_WARN_UNUSED_FUNCTION = YES;
				GCC_WARN_UNUSED_VARIABLE = YES;
				IPHONEOS_DEPLOYMENT_TARGET = 8.3;
				MTL_ENABLE_DEBUG_INFO = YES;
				ONLY_ACTIVE_ARCH = YES;
				SDKROOT = iphoneos;
			};
			name = Debug;
		};
		EE810E6D1AEBB0EE0054DE18 /* Release */ = {
			isa = XCBuildConfiguration;
			buildSettings = {
				ALWAYS_SEARCH_USER_PATHS = NO;
				CLANG_CXX_LANGUAGE_STANDARD = "gnu++0x";
				CLANG_CXX_LIBRARY = "libc++";
				CLANG_ENABLE_MODULES = YES;
				CLANG_ENABLE_OBJC_ARC = YES;
				CLANG_WARN_BOOL_CONVERSION = YES;
				CLANG_WARN_CONSTANT_CONVERSION = YES;
				CLANG_WARN_DIRECT_OBJC_ISA_USAGE = YES_ERROR;
				CLANG_WARN_EMPTY_BODY = YES;
				CLANG_WARN_ENUM_CONVERSION = YES;
				CLANG_WARN_INT_CONVERSION = YES;
				CLANG_WARN_OBJC_ROOT_CLASS = YES_ERROR;
				CLANG_WARN_UNREACHABLE_CODE = YES;
				CLANG_WARN__DUPLICATE_METHOD_MATCH = YES;
				"CODE_SIGN_IDENTITY[sdk=iphoneos*]" = "iPhone Developer";
				COPY_PHASE_STRIP = NO;
				DEBUG_INFORMATION_FORMAT = "dwarf-with-dsym";
				ENABLE_NS_ASSERTIONS = NO;
				ENABLE_STRICT_OBJC_MSGSEND = YES;
				GCC_C_LANGUAGE_STANDARD = gnu99;
				GCC_NO_COMMON_BLOCKS = YES;
				GCC_WARN_64_TO_32_BIT_CONVERSION = YES;
				GCC_WARN_ABOUT_RETURN_TYPE = YES_ERROR;
				GCC_WARN_UNDECLARED_SELECTOR = YES;
				GCC_WARN_UNINITIALIZED_AUTOS = YES_AGGRESSIVE;
				GCC_WARN_UNUSED_FUNCTION = YES;
				GCC_WARN_UNUSED_VARIABLE = YES;
				IPHONEOS_DEPLOYMENT_TARGET = 8.3;
				MTL_ENABLE_DEBUG_INFO = NO;
				SDKROOT = iphoneos;
				VALIDATE_PRODUCT = YES;
			};
			name = Release;
		};
		EE810E6F1AEBB0EE0054DE18 /* Debug */ = {
			isa = XCBuildConfiguration;
			buildSettings = {
				ASSETCATALOG_COMPILER_APPICON_NAME = AppIcon;
				INFOPLIST_FILE = StoryboardTest/Info.plist;
				LD_RUNPATH_SEARCH_PATHS = "$(inherited) @executable_path/Frameworks";
				PRODUCT_NAME = "$(TARGET_NAME)";
			};
			name = Debug;
		};
		EE810E701AEBB0EE0054DE18 /* Release */ = {
			isa = XCBuildConfiguration;
			buildSettings = {
				ASSETCATALOG_COMPILER_APPICON_NAME = AppIcon;
				INFOPLIST_FILE = StoryboardTest/Info.plist;
				LD_RUNPATH_SEARCH_PATHS = "$(inherited) @executable_path/Frameworks";
				PRODUCT_NAME = "$(TARGET_NAME)";
			};
			name = Release;
		};
		EE810E721AEBB0EE0054DE18 /* Debug */ = {
			isa = XCBuildConfiguration;
			buildSettings = {
				BUNDLE_LOADER = "$(TEST_HOST)";
				FRAMEWORK_SEARCH_PATHS = (
					"$(SDKROOT)/Developer/Library/Frameworks",
					"$(inherited)",
				);
				GCC_PREPROCESSOR_DEFINITIONS = (
					"DEBUG=1",
					"$(inherited)",
				);
				INFOPLIST_FILE = StoryboardTestTests/Info.plist;
				LD_RUNPATH_SEARCH_PATHS = "$(inherited) @executable_path/Frameworks @loader_path/Frameworks";
				PRODUCT_NAME = "$(TARGET_NAME)";
				TEST_HOST = "$(BUILT_PRODUCTS_DIR)/StoryboardTest.app/StoryboardTest";
			};
			name = Debug;
		};
		EE810E731AEBB0EE0054DE18 /* Release */ = {
			isa = XCBuildConfiguration;
			buildSettings = {
				BUNDLE_LOADER = "$(TEST_HOST)";
				FRAMEWORK_SEARCH_PATHS = (
					"$(SDKROOT)/Developer/Library/Frameworks",
					"$(inherited)",
				);
				INFOPLIST_FILE = StoryboardTestTests/Info.plist;
				LD_RUNPATH_SEARCH_PATHS = "$(inherited) @executable_path/Frameworks @loader_path/Frameworks";
				PRODUCT_NAME = "$(TARGET_NAME)";
				TEST_HOST = "$(BUILT_PRODUCTS_DIR)/StoryboardTest.app/StoryboardTest";
			};
			name = Release;
		};
/* End XCBuildConfiguration section */

/* Begin XCConfigurationList section */
		EE810E461AEBB0ED0054DE18 /* Build configuration list for PBXProject "StoryboardTest" */ = {
			isa = XCConfigurationList;
			buildConfigurations = (
				EE810E6C1AEBB0EE0054DE18 /* Debug */,
				EE810E6D1AEBB0EE0054DE18 /* Release */,
			);
			defaultConfigurationIsVisible = 0;
			defaultConfigurationName = Release;
		};
		EE810E6E1AEBB0EE0054DE18 /* Build configuration list for PBXNativeTarget "StoryboardTest" */ = {
			isa = XCConfigurationList;
			buildConfigurations = (
				EE810E6F1AEBB0EE0054DE18 /* Debug */,
				EE810E701AEBB0EE0054DE18 /* Release */,
			);
			defaultConfigurationIsVisible = 0;
		};
		EE810E711AEBB0EE0054DE18 /* Build configuration list for PBXNativeTarget "StoryboardTestTests" */ = {
			isa = XCConfigurationList;
			buildConfigurations = (
				EE810E721AEBB0EE0054DE18 /* Debug */,
				EE810E731AEBB0EE0054DE18 /* Release */,
			);
			defaultConfigurationIsVisible = 0;
		};
/* End XCConfigurationList section */
	};
	rootObject = EE810E431AEBB0ED0054DE18 /* Project object */;
}
