// !$*UTF8*$!
{
	archiveVersion = 1;
	classes = {
	};
	objectVersion = 46;
	objects = {

/* Begin PBXBuildFile section */
		EE0942C31AE517180011F9C7 /* main.m in Sources */ = {isa = PBXBuildFile; fileRef = EE0942C21AE517180011F9C7 /* main.m */; };
		EE0942C61AE517180011F9C7 /* AppDelegate.m in Sources */ = {isa = PBXBuildFile; fileRef = EE0942C51AE517180011F9C7 /* AppDelegate.m */; };
		EE0942C91AE517180011F9C7 /* ViewController.m in Sources */ = {isa = PBXBuildFile; fileRef = EE0942C81AE517180011F9C7 /* ViewController.m */; };
		EE0942CC1AE517180011F9C7 /* Main.storyboard in Resources */ = {isa = PBXBuildFile; fileRef = EE0942CA1AE517180011F9C7 /* Main.storyboard */; };
		EE0942CE1AE517180011F9C7 /* Images.xcassets in Resources */ = {isa = PBXBuildFile; fileRef = EE0942CD1AE517180011F9C7 /* Images.xcassets */; };
		EE0942D11AE517180011F9C7 /* LaunchScreen.xib in Resources */ = {isa = PBXBuildFile; fileRef = EE0942CF1AE517180011F9C7 /* LaunchScreen.xib */; };
		EE0942DD1AE517180011F9C7 /* iOS_11_7Tests.m in Sources */ = {isa = PBXBuildFile; fileRef = EE0942DC1AE517180011F9C7 /* iOS_11_7Tests.m */; };
/* End PBXBuildFile section */

/* Begin PBXContainerItemProxy section */
		EE0942D71AE517180011F9C7 /* PBXContainerItemProxy */ = {
			isa = PBXContainerItemProxy;
			containerPortal = EE0942B51AE517180011F9C7 /* Project object */;
			proxyType = 1;
			remoteGlobalIDString = EE0942BC1AE517180011F9C7;
			remoteInfo = iOS_11_7;
		};
/* End PBXContainerItemProxy section */

/* Begin PBXFileReference section */
		EE0942BD1AE517180011F9C7 /* iOS_11_7.app */ = {isa = PBXFileReference; explicitFileType = wrapper.application; includeInIndex = 0; path = iOS_11_7.app; sourceTree = BUILT_PRODUCTS_DIR; };
		EE0942C11AE517180011F9C7 /* Info.plist */ = {isa = PBXFileReference; lastKnownFileType = text.plist.xml; path = Info.plist; sourceTree = "<group>"; };
		EE0942C21AE517180011F9C7 /* main.m */ = {isa = PBXFileReference; lastKnownFileType = sourcecode.c.objc; path = main.m; sourceTree = "<group>"; };
		EE0942C41AE517180011F9C7 /* AppDelegate.h */ = {isa = PBXFileReference; lastKnownFileType = sourcecode.c.h; path = AppDelegate.h; sourceTree = "<group>"; };
		EE0942C51AE517180011F9C7 /* AppDelegate.m */ = {isa = PBXFileReference; lastKnownFileType = sourcecode.c.objc; path = AppDelegate.m; sourceTree = "<group>"; };
		EE0942C71AE517180011F9C7 /* ViewController.h */ = {isa = PBXFileReference; lastKnownFileType = sourcecode.c.h; path = ViewController.h; sourceTree = "<group>"; };
		EE0942C81AE517180011F9C7 /* ViewController.m */ = {isa = PBXFileReference; lastKnownFileType = sourcecode.c.objc; path = ViewController.m; sourceTree = "<group>"; };
		EE0942CB1AE517180011F9C7 /* Base */ = {isa = PBXFileReference; lastKnownFileType = file.storyboard; name = Base; path = Base.lproj/Main.storyboard; sourceTree = "<group>"; };
		EE0942CD1AE517180011F9C7 /* Images.xcassets */ = {isa = PBXFileReference; lastKnownFileType = folder.assetcatalog; path = Images.xcassets; sourceTree = "<group>"; };
		EE0942D01AE517180011F9C7 /* Base */ = {isa = PBXFileReference; lastKnownFileType = file.xib; name = Base; path = Base.lproj/LaunchScreen.xib; sourceTree = "<group>"; };
		EE0942D61AE517180011F9C7 /* iOS_11_7Tests.xctest */ = {isa = PBXFileReference; explicitFileType = wrapper.cfbundle; includeInIndex = 0; path = iOS_11_7Tests.xctest; sourceTree = BUILT_PRODUCTS_DIR; };
		EE0942DB1AE517180011F9C7 /* Info.plist */ = {isa = PBXFileReference; lastKnownFileType = text.plist.xml; path = Info.plist; sourceTree = "<group>"; };
		EE0942DC1AE517180011F9C7 /* iOS_11_7Tests.m */ = {isa = PBXFileReference; lastKnownFileType = sourcecode.c.objc; path = iOS_11_7Tests.m; sourceTree = "<group>"; };
/* End PBXFileReference section */

/* Begin PBXFrameworksBuildPhase section */
		EE0942BA1AE517180011F9C7 /* Frameworks */ = {
			isa = PBXFrameworksBuildPhase;
			buildActionMask = 2147483647;
			files = (
			);
			runOnlyForDeploymentPostprocessing = 0;
		};
		EE0942D31AE517180011F9C7 /* Frameworks */ = {
			isa = PBXFrameworksBuildPhase;
			buildActionMask = 2147483647;
			files = (
			);
			runOnlyForDeploymentPostprocessing = 0;
		};
/* End PBXFrameworksBuildPhase section */

/* Begin PBXGroup section */
		EE0942B41AE517180011F9C7 = {
			isa = PBXGroup;
			children = (
				EE0942BF1AE517180011F9C7 /* iOS_11_7 */,
				EE0942D91AE517180011F9C7 /* iOS_11_7Tests */,
				EE0942BE1AE517180011F9C7 /* Products */,
			);
			sourceTree = "<group>";
		};
		EE0942BE1AE517180011F9C7 /* Products */ = {
			isa = PBXGroup;
			children = (
				EE0942BD1AE517180011F9C7 /* iOS_11_7.app */,
				EE0942D61AE517180011F9C7 /* iOS_11_7Tests.xctest */,
			);
			name = Products;
			sourceTree = "<group>";
		};
		EE0942BF1AE517180011F9C7 /* iOS_11_7 */ = {
			isa = PBXGroup;
			children = (
				EE0942C41AE517180011F9C7 /* AppDelegate.h */,
				EE0942C51AE517180011F9C7 /* AppDelegate.m */,
				EE0942C71AE517180011F9C7 /* ViewController.h */,
				EE0942C81AE517180011F9C7 /* ViewController.m */,
				EE0942CA1AE517180011F9C7 /* Main.storyboard */,
				EE0942CD1AE517180011F9C7 /* Images.xcassets */,
				EE0942CF1AE517180011F9C7 /* LaunchScreen.xib */,
				EE0942C01AE517180011F9C7 /* Supporting Files */,
			);
			path = iOS_11_7;
			sourceTree = "<group>";
		};
		EE0942C01AE517180011F9C7 /* Supporting Files */ = {
			isa = PBXGroup;
			children = (
				EE0942C11AE517180011F9C7 /* Info.plist */,
				EE0942C21AE517180011F9C7 /* main.m */,
			);
			name = "Supporting Files";
			sourceTree = "<group>";
		};
		EE0942D91AE517180011F9C7 /* iOS_11_7Tests */ = {
			isa = PBXGroup;
			children = (
				EE0942DC1AE517180011F9C7 /* iOS_11_7Tests.m */,
				EE0942DA1AE517180011F9C7 /* Supporting Files */,
			);
			path = iOS_11_7Tests;
			sourceTree = "<group>";
		};
		EE0942DA1AE517180011F9C7 /* Supporting Files */ = {
			isa = PBXGroup;
			children = (
				EE0942DB1AE517180011F9C7 /* Info.plist */,
			);
			name = "Supporting Files";
			sourceTree = "<group>";
		};
/* End PBXGroup section */

/* Begin PBXNativeTarget section */
		EE0942BC1AE517180011F9C7 /* iOS_11_7 */ = {
			isa = PBXNativeTarget;
			buildConfigurationList = EE0942E01AE517180011F9C7 /* Build configuration list for PBXNativeTarget "iOS_11_7" */;
			buildPhases = (
				EE0942B91AE517180011F9C7 /* Sources */,
				EE0942BA1AE517180011F9C7 /* Frameworks */,
				EE0942BB1AE517180011F9C7 /* Resources */,
			);
			buildRules = (
			);
			dependencies = (
			);
			name = iOS_11_7;
			productName = iOS_11_7;
			productReference = EE0942BD1AE517180011F9C7 /* iOS_11_7.app */;
			productType = "com.apple.product-type.application";
		};
		EE0942D51AE517180011F9C7 /* iOS_11_7Tests */ = {
			isa = PBXNativeTarget;
			buildConfigurationList = EE0942E31AE517180011F9C7 /* Build configuration list for PBXNativeTarget "iOS_11_7Tests" */;
			buildPhases = (
				EE0942D21AE517180011F9C7 /* Sources */,
				EE0942D31AE517180011F9C7 /* Frameworks */,
				EE0942D41AE517180011F9C7 /* Resources */,
			);
			buildRules = (
			);
			dependencies = (
				EE0942D81AE517180011F9C7 /* PBXTargetDependency */,
			);
			name = iOS_11_7Tests;
			productName = iOS_11_7Tests;
			productReference = EE0942D61AE517180011F9C7 /* iOS_11_7Tests.xctest */;
			productType = "com.apple.product-type.bundle.unit-test";
		};
/* End PBXNativeTarget section */

/* Begin PBXProject section */
		EE0942B51AE517180011F9C7 /* Project object */ = {
			isa = PBXProject;
			attributes = {
				LastUpgradeCheck = 0630;
				ORGANIZATIONNAME = "张博良";
				TargetAttributes = {
					EE0942BC1AE517180011F9C7 = {
						CreatedOnToolsVersion = 6.3;
					};
					EE0942D51AE517180011F9C7 = {
						CreatedOnToolsVersion = 6.3;
						TestTargetID = EE0942BC1AE517180011F9C7;
					};
				};
			};
			buildConfigurationList = EE0942B81AE517180011F9C7 /* Build configuration list for PBXProject "iOS_11_7" */;
			compatibilityVersion = "Xcode 3.2";
			developmentRegion = English;
			hasScannedForEncodings = 0;
			knownRegions = (
				en,
				Base,
			);
			mainGroup = EE0942B41AE517180011F9C7;
			productRefGroup = EE0942BE1AE517180011F9C7 /* Products */;
			projectDirPath = "";
			projectRoot = "";
			targets = (
				EE0942BC1AE517180011F9C7 /* iOS_11_7 */,
				EE0942D51AE517180011F9C7 /* iOS_11_7Tests */,
			);
		};
/* End PBXProject section */

/* Begin PBXResourcesBuildPhase section */
		EE0942BB1AE517180011F9C7 /* Resources */ = {
			isa = PBXResourcesBuildPhase;
			buildActionMask = 2147483647;
			files = (
				EE0942CC1AE517180011F9C7 /* Main.storyboard in Resources */,
				EE0942D11AE517180011F9C7 /* LaunchScreen.xib in Resources */,
				EE0942CE1AE517180011F9C7 /* Images.xcassets in Resources */,
			);
			runOnlyForDeploymentPostprocessing = 0;
		};
		EE0942D41AE517180011F9C7 /* Resources */ = {
			isa = PBXResourcesBuildPhase;
			buildActionMask = 2147483647;
			files = (
			);
			runOnlyForDeploymentPostprocessing = 0;
		};
/* End PBXResourcesBuildPhase section */

/* Begin PBXSourcesBuildPhase section */
		EE0942B91AE517180011F9C7 /* Sources */ = {
			isa = PBXSourcesBuildPhase;
			buildActionMask = 2147483647;
			files = (
				EE0942C91AE517180011F9C7 /* ViewController.m in Sources */,
				EE0942C61AE517180011F9C7 /* AppDelegate.m in Sources */,
				EE0942C31AE517180011F9C7 /* main.m in Sources */,
			);
			runOnlyForDeploymentPostprocessing = 0;
		};
		EE0942D21AE517180011F9C7 /* Sources */ = {
			isa = PBXSourcesBuildPhase;
			buildActionMask = 2147483647;
			files = (
				EE0942DD1AE517180011F9C7 /* iOS_11_7Tests.m in Sources */,
			);
			runOnlyForDeploymentPostprocessing = 0;
		};
/* End PBXSourcesBuildPhase section */

/* Begin PBXTargetDependency section */
		EE0942D81AE517180011F9C7 /* PBXTargetDependency */ = {
			isa = PBXTargetDependency;
			target = EE0942BC1AE517180011F9C7 /* iOS_11_7 */;
			targetProxy = EE0942D71AE517180011F9C7 /* PBXContainerItemProxy */;
		};
/* End PBXTargetDependency section */

/* Begin PBXVariantGroup section */
		EE0942CA1AE517180011F9C7 /* Main.storyboard */ = {
			isa = PBXVariantGroup;
			children = (
				EE0942CB1AE517180011F9C7 /* Base */,
			);
			name = Main.storyboard;
			sourceTree = "<group>";
		};
		EE0942CF1AE517180011F9C7 /* LaunchScreen.xib */ = {
			isa = PBXVariantGroup;
			children = (
				EE0942D01AE517180011F9C7 /* Base */,
			);
			name = LaunchScreen.xib;
			sourceTree = "<group>";
		};
/* End PBXVariantGroup section */

/* Begin XCBuildConfiguration section */
		EE0942DE1AE517180011F9C7 /* Debug */ = {
			isa = XCBuildConfiguration;
			buildSettings = {
				ALWAYS_SEARCH_USER_PATHS = NO;
				CLANG_CXX_LANGUAGE_STANDARD = "gnu++0x";
				CLANG_CXX_LIBRARY = "libc++";
				CLANG_ENABLE_MODULES = YES;
				CLANG_ENABLE_OBJC_ARC = YES;
				CLANG_WARN_BOOL_CONVERSION = YES;
				CLANG_WARN_CONSTANT_CONVERSION = YES;
				CLANG_WARN_DIRECT_OBJC_ISA_USAGE = YES_ERROR;
				CLANG_WARN_EMPTY_BODY = YES;
				CLANG_WARN_ENUM_CONVERSION = YES;
				CLANG_WARN_INT_CONVERSION = YES;
				CLANG_WARN_OBJC_ROOT_CLASS = YES_ERROR;
				CLANG_WARN_UNREACHABLE_CODE = YES;
				CLANG_WARN__DUPLICATE_METHOD_MATCH = YES;
				"CODE_SIGN_IDENTITY[sdk=iphoneos*]" = "iPhone Developer";
				COPY_PHASE_STRIP = NO;
				DEBUG_INFORMATION_FORMAT = "dwarf-with-dsym";
				ENABLE_STRICT_OBJC_MSGSEND = YES;
				GCC_C_LANGUAGE_STANDARD = gnu99;
				GCC_DYNAMIC_NO_PIC = NO;
				GCC_NO_COMMON_BLOCKS = YES;
				GCC_OPTIMIZATION_LEVEL = 0;
				GCC_PREPROCESSOR_DEFINITIONS = (
					"DEBUG=1",
					"$(inherited)",
				);
				GCC_SYMBOLS_PRIVATE_EXTERN = NO;
				GCC_WARN_64_TO_32_BIT_CONVERSION = YES;
				GCC_WARN_ABOUT_RETURN_TYPE = YES_ERROR;
				GCC_WARN_UNDECLARED_SELECTOR = YES;
				GCC_WARN_UNINITIALIZED_AUTOS = YES_AGGRESSIVE;
				GCC_WARN_UNUSED_FUNCTION = YES;
				GCC_WARN_UNUSED_VARIABLE = YES;
				IPHONEOS_DEPLOYMENT_TARGET = 8.3;
				MTL_ENABLE_DEBUG_INFO = YES;
				ONLY_ACTIVE_ARCH = YES;
				SDKROOT = iphoneos;
			};
			name = Debug;
		};
		EE0942DF1AE517180011F9C7 /* Release */ = {
			isa = XCBuildConfiguration;
			buildSettings = {
				ALWAYS_SEARCH_USER_PATHS = NO;
				CLANG_CXX_LANGUAGE_STANDARD = "gnu++0x";
				CLANG_CXX_LIBRARY = "libc++";
				CLANG_ENABLE_MODULES = YES;
				CLANG_ENABLE_OBJC_ARC = YES;
				CLANG_WARN_BOOL_CONVERSION = YES;
				CLANG_WARN_CONSTANT_CONVERSION = YES;
				CLANG_WARN_DIRECT_OBJC_ISA_USAGE = YES_ERROR;
				CLANG_WARN_EMPTY_BODY = YES;
				CLANG_WARN_ENUM_CONVERSION = YES;
				CLANG_WARN_INT_CONVERSION = YES;
				CLANG_WARN_OBJC_ROOT_CLASS = YES_ERROR;
				CLANG_WARN_UNREACHABLE_CODE = YES;
				CLANG_WARN__DUPLICATE_METHOD_MATCH = YES;
				"CODE_SIGN_IDENTITY[sdk=iphoneos*]" = "iPhone Developer";
				COPY_PHASE_STRIP = NO;
				DEBUG_INFORMATION_FORMAT = "dwarf-with-dsym";
				ENABLE_NS_ASSERTIONS = NO;
				ENABLE_STRICT_OBJC_MSGSEND = YES;
				GCC_C_LANGUAGE_STANDARD = gnu99;
				GCC_NO_COMMON_BLOCKS = YES;
				GCC_WARN_64_TO_32_BIT_CONVERSION = YES;
				GCC_WARN_ABOUT_RETURN_TYPE = YES_ERROR;
				GCC_WARN_UNDECLARED_SELECTOR = YES;
				GCC_WARN_UNINITIALIZED_AUTOS = YES_AGGRESSIVE;
				GCC_WARN_UNUSED_FUNCTION = YES;
				GCC_WARN_UNUSED_VARIABLE = YES;
				IPHONEOS_DEPLOYMENT_TARGET = 8.3;
				MTL_ENABLE_DEBUG_INFO = NO;
				SDKROOT = iphoneos;
				VALIDATE_PRODUCT = YES;
			};
			name = Release;
		};
		EE0942E11AE517180011F9C7 /* Debug */ = {
			isa = XCBuildConfiguration;
			buildSettings = {
				ASSETCATALOG_COMPILER_APPICON_NAME = AppIcon;
				INFOPLIST_FILE = iOS_11_7/Info.plist;
				LD_RUNPATH_SEARCH_PATHS = "$(inherited) @executable_path/Frameworks";
				PRODUCT_NAME = "$(TARGET_NAME)";
			};
			name = Debug;
		};
		EE0942E21AE517180011F9C7 /* Release */ = {
			isa = XCBuildConfiguration;
			buildSettings = {
				ASSETCATALOG_COMPILER_APPICON_NAME = AppIcon;
				INFOPLIST_FILE = iOS_11_7/Info.plist;
				LD_RUNPATH_SEARCH_PATHS = "$(inherited) @executable_path/Frameworks";
				PRODUCT_NAME = "$(TARGET_NAME)";
			};
			name = Release;
		};
		EE0942E41AE517180011F9C7 /* Debug */ = {
			isa = XCBuildConfiguration;
			buildSettings = {
				BUNDLE_LOADER = "$(TEST_HOST)";
				FRAMEWORK_SEARCH_PATHS = (
					"$(SDKROOT)/Developer/Library/Frameworks",
					"$(inherited)",
				);
				GCC_PREPROCESSOR_DEFINITIONS = (
					"DEBUG=1",
					"$(inherited)",
				);
				INFOPLIST_FILE = iOS_11_7Tests/Info.plist;
				LD_RUNPATH_SEARCH_PATHS = "$(inherited) @executable_path/Frameworks @loader_path/Frameworks";
				PRODUCT_NAME = "$(TARGET_NAME)";
				TEST_HOST = "$(BUILT_PRODUCTS_DIR)/iOS_11_7.app/iOS_11_7";
			};
			name = Debug;
		};
		EE0942E51AE517180011F9C7 /* Release */ = {
			isa = XCBuildConfiguration;
			buildSettings = {
				BUNDLE_LOADER = "$(TEST_HOST)";
				FRAMEWORK_SEARCH_PATHS = (
					"$(SDKROOT)/Developer/Library/Frameworks",
					"$(inherited)",
				);
				INFOPLIST_FILE = iOS_11_7Tests/Info.plist;
				LD_RUNPATH_SEARCH_PATHS = "$(inherited) @executable_path/Frameworks @loader_path/Frameworks";
				PRODUCT_NAME = "$(TARGET_NAME)";
				TEST_HOST = "$(BUILT_PRODUCTS_DIR)/iOS_11_7.app/iOS_11_7";
			};
			name = Release;
		};
/* End XCBuildConfiguration section */

/* Begin XCConfigurationList section */
		EE0942B81AE517180011F9C7 /* Build configuration list for PBXProject "iOS_11_7" */ = {
			isa = XCConfigurationList;
			buildConfigurations = (
				EE0942DE1AE517180011F9C7 /* Debug */,
				EE0942DF1AE517180011F9C7 /* Release */,
			);
			defaultConfigurationIsVisible = 0;
			defaultConfigurationName = Release;
		};
		EE0942E01AE517180011F9C7 /* Build configuration list for PBXNativeTarget "iOS_11_7" */ = {
			isa = XCConfigurationList;
			buildConfigurations = (
				EE0942E11AE517180011F9C7 /* Debug */,
				EE0942E21AE517180011F9C7 /* Release */,
			);
			defaultConfigurationIsVisible = 0;
		};
		EE0942E31AE517180011F9C7 /* Build configuration list for PBXNativeTarget "iOS_11_7Tests" */ = {
			isa = XCConfigurationList;
			buildConfigurations = (
				EE0942E41AE517180011F9C7 /* Debug */,
				EE0942E51AE517180011F9C7 /* Release */,
			);
			defaultConfigurationIsVisible = 0;
		};
/* End XCConfigurationList section */
	};
	rootObject = EE0942B51AE517180011F9C7 /* Project object */;
}
